// !$*UTF8*$!
{
	archiveVersion = 1;
	classes = {
	};
	objectVersion = 46;
	objects = {

/* Begin PBXBuildFile section */
		00C302E51ABCBA2D00DB3ED1 /* libRCTActionSheet.a in Frameworks */ = {isa = PBXBuildFile; fileRef = 00C302AC1ABCB8CE00DB3ED1 /* libRCTActionSheet.a */; };
		00C302E71ABCBA2D00DB3ED1 /* libRCTGeolocation.a in Frameworks */ = {isa = PBXBuildFile; fileRef = 00C302BA1ABCB90400DB3ED1 /* libRCTGeolocation.a */; };
		00C302E81ABCBA2D00DB3ED1 /* libRCTImage.a in Frameworks */ = {isa = PBXBuildFile; fileRef = 00C302C01ABCB91800DB3ED1 /* libRCTImage.a */; };
		00C302E91ABCBA2D00DB3ED1 /* libRCTNetwork.a in Frameworks */ = {isa = PBXBuildFile; fileRef = 00C302DC1ABCB9D200DB3ED1 /* libRCTNetwork.a */; };
		00C302EA1ABCBA2D00DB3ED1 /* libRCTVibration.a in Frameworks */ = {isa = PBXBuildFile; fileRef = 00C302E41ABCB9EE00DB3ED1 /* libRCTVibration.a */; };
		00E356F31AD99517003FC87E /* FluxToDoListTests.m in Sources */ = {isa = PBXBuildFile; fileRef = 00E356F21AD99517003FC87E /* FluxToDoListTests.m */; };
		04B7DC1A26EB44499260BF2B /* Rubik-BlackItalic.ttf in Resources */ = {isa = PBXBuildFile; fileRef = 01A79CA203064E9898367F3F /* Rubik-BlackItalic.ttf */; };
		133E29F31AD74F7200F7D852 /* libRCTLinking.a in Frameworks */ = {isa = PBXBuildFile; fileRef = 78C398B91ACF4ADC00677621 /* libRCTLinking.a */; };
		139105C61AF99C1200B5F7CC /* libRCTSettings.a in Frameworks */ = {isa = PBXBuildFile; fileRef = 139105C11AF99BAD00B5F7CC /* libRCTSettings.a */; };
		139FDEF61B0652A700C62182 /* libRCTWebSocket.a in Frameworks */ = {isa = PBXBuildFile; fileRef = 139FDEF41B06529B00C62182 /* libRCTWebSocket.a */; };
		13B07FBC1A68108700A75B9A /* AppDelegate.m in Sources */ = {isa = PBXBuildFile; fileRef = 13B07FB01A68108700A75B9A /* AppDelegate.m */; };
		13B07FBD1A68108700A75B9A /* LaunchScreen.xib in Resources */ = {isa = PBXBuildFile; fileRef = 13B07FB11A68108700A75B9A /* LaunchScreen.xib */; };
		13B07FBF1A68108700A75B9A /* Images.xcassets in Resources */ = {isa = PBXBuildFile; fileRef = 13B07FB51A68108700A75B9A /* Images.xcassets */; };
		13B07FC11A68108700A75B9A /* main.m in Sources */ = {isa = PBXBuildFile; fileRef = 13B07FB71A68108700A75B9A /* main.m */; };
		140ED2AC1D01E1AD002B40FF /* libReact.a in Frameworks */ = {isa = PBXBuildFile; fileRef = 146834041AC3E56700842450 /* libReact.a */; };
		146834051AC3E58100842450 /* libReact.a in Frameworks */ = {isa = PBXBuildFile; fileRef = 146834041AC3E56700842450 /* libReact.a */; };
		15ACC599BCB6492FBA15220F /* Zocial.ttf in Resources */ = {isa = PBXBuildFile; fileRef = 50B396C53D8E417B8F17A194 /* Zocial.ttf */; };
		188E52CA4B90478287D88A83 /* Rubik-Light.ttf in Resources */ = {isa = PBXBuildFile; fileRef = B2B41A3CA63644BC97CC5908 /* Rubik-Light.ttf */; };
		1CB5A11DA36F49A0ABB602FE /* SF-UI-Text-Regular.otf in Resources */ = {isa = PBXBuildFile; fileRef = F65F9918975745A2976FA94B /* SF-UI-Text-Regular.otf */; };
		2972DE5366D14F78BB2EB3FA /* Foundation.ttf in Resources */ = {isa = PBXBuildFile; fileRef = 6246BD7C5B7C42ADA7EE5C8A /* Foundation.ttf */; };
		2D02E4BC1E0B4A80006451C7 /* AppDelegate.m in Sources */ = {isa = PBXBuildFile; fileRef = 13B07FB01A68108700A75B9A /* AppDelegate.m */; };
		2D02E4BD1E0B4A84006451C7 /* Images.xcassets in Resources */ = {isa = PBXBuildFile; fileRef = 13B07FB51A68108700A75B9A /* Images.xcassets */; };
		2D02E4BF1E0B4AB3006451C7 /* main.m in Sources */ = {isa = PBXBuildFile; fileRef = 13B07FB71A68108700A75B9A /* main.m */; };
		2D02E4C21E0B4AEC006451C7 /* libRCTAnimation.a in Frameworks */ = {isa = PBXBuildFile; fileRef = 5E9157351DD0AC6500FF2AA8 /* libRCTAnimation.a */; };
		2D02E4C31E0B4AEC006451C7 /* libRCTImage-tvOS.a in Frameworks */ = {isa = PBXBuildFile; fileRef = 3DAD3E841DF850E9000B6D8A /* libRCTImage-tvOS.a */; };
		2D02E4C41E0B4AEC006451C7 /* libRCTLinking-tvOS.a in Frameworks */ = {isa = PBXBuildFile; fileRef = 3DAD3E881DF850E9000B6D8A /* libRCTLinking-tvOS.a */; };
		2D02E4C51E0B4AEC006451C7 /* libRCTNetwork-tvOS.a in Frameworks */ = {isa = PBXBuildFile; fileRef = 3DAD3E8C1DF850E9000B6D8A /* libRCTNetwork-tvOS.a */; };
		2D02E4C61E0B4AEC006451C7 /* libRCTSettings-tvOS.a in Frameworks */ = {isa = PBXBuildFile; fileRef = 3DAD3E901DF850E9000B6D8A /* libRCTSettings-tvOS.a */; };
		2D02E4C71E0B4AEC006451C7 /* libRCTText-tvOS.a in Frameworks */ = {isa = PBXBuildFile; fileRef = 3DAD3E941DF850E9000B6D8A /* libRCTText-tvOS.a */; };
		2D02E4C81E0B4AEC006451C7 /* libRCTWebSocket-tvOS.a in Frameworks */ = {isa = PBXBuildFile; fileRef = 3DAD3E991DF850E9000B6D8A /* libRCTWebSocket-tvOS.a */; };
		2D02E4C91E0B4AEC006451C7 /* libReact.a in Frameworks */ = {isa = PBXBuildFile; fileRef = 3DAD3EA31DF850E9000B6D8A /* libReact.a */; };
		2DCD954D1E0B4F2C00145EB5 /* FluxToDoListTests.m in Sources */ = {isa = PBXBuildFile; fileRef = 00E356F21AD99517003FC87E /* FluxToDoListTests.m */; };
		3999C94242EF44CA9BC7A9DD /* Comic Sans MS.ttf in Resources */ = {isa = PBXBuildFile; fileRef = 54E92821985E4E82869D60FC /* Comic Sans MS.ttf */; };
		3DBEC065E652488E8042ABF0 /* Rubik-Medium.ttf in Resources */ = {isa = PBXBuildFile; fileRef = 098DD2BCAE5C4D838DEECEF1 /* Rubik-Medium.ttf */; };
		4052377849914E46A58D1D5A /* libc++.tbd in Frameworks */ = {isa = PBXBuildFile; fileRef = 711E04EF4D2E461099045A87 /* libc++.tbd */; };
		4181FD6066834DCF8DA2287D /* Roboto.ttf in Resources */ = {isa = PBXBuildFile; fileRef = 4E89CB4CD7FA4584A2E576C5 /* Roboto.ttf */; };
		41C486C7369E4A53A1D2B327 /* MaterialIcons.ttf in Resources */ = {isa = PBXBuildFile; fileRef = 7BBA7B33F4324DA49CA8BE04 /* MaterialIcons.ttf */; };
		433C171838544559959F2BD2 /* Roboto_medium.ttf in Resources */ = {isa = PBXBuildFile; fileRef = 979ADC46372D4F13B4DFAB13 /* Roboto_medium.ttf */; };
		44400433FC2845D4BF5129B0 /* Georgia.ttf in Resources */ = {isa = PBXBuildFile; fileRef = 0CB18FC31F7046E0B14D4D4B /* Georgia.ttf */; };
		45B6D73C86B74099B7B8F289 /* Entypo.ttf in Resources */ = {isa = PBXBuildFile; fileRef = 0F0D56FD9BDC411ABC31AFA5 /* Entypo.ttf */; };
		48507818B98D4F57AC66DC18 /* Ionicons.ttf in Resources */ = {isa = PBXBuildFile; fileRef = 3348568CB42844CBAC4487A1 /* Ionicons.ttf */; };
		52F3ABD7825C41029430B497 /* Entypo.ttf in Resources */ = {isa = PBXBuildFile; fileRef = E4A5589EED9446C288BA9410 /* Entypo.ttf */; };
		5E84BEC5C83741C7B2E588E3 /* SimpleLineIcons.ttf in Resources */ = {isa = PBXBuildFile; fileRef = 0477AFF46435443EB873305F /* SimpleLineIcons.ttf */; };
		5E9157361DD0AC6A00FF2AA8 /* libRCTAnimation.a in Frameworks */ = {isa = PBXBuildFile; fileRef = 5E9157331DD0AC6500FF2AA8 /* libRCTAnimation.a */; };
		6231210B24FD4A62A692C3B0 /* Rubik-Black.ttf in Resources */ = {isa = PBXBuildFile; fileRef = BD388BBFF0BD424EBB715134 /* Rubik-Black.ttf */; };
		68B2CFCA1EDBBE4C00A7BF0A /* libRCTCameraRoll.a in Frameworks */ = {isa = PBXBuildFile; fileRef = 68B2CF751EDBBB2A00A7BF0A /* libRCTCameraRoll.a */; };
		68B2CFE61EDBBE5700A7BF0A /* libRNVectorIcons.a in Frameworks */ = {isa = PBXBuildFile; fileRef = 6814ECE51ED00C7A00B90519 /* libRNVectorIcons.a */; };
		6A4E411EC42543A584015E4F /* rubicon-icon-font.ttf in Resources */ = {isa = PBXBuildFile; fileRef = 8C4D6E38F573466B805CA188 /* rubicon-icon-font.ttf */; };
		766A3811EB804D378FF712B3 /* Andale Mono.ttf in Resources */ = {isa = PBXBuildFile; fileRef = B2C9D3161C314A79BB4A53E6 /* Andale Mono.ttf */; };
		7B7E741CE4B147458C22EE94 /* EvilIcons.ttf in Resources */ = {isa = PBXBuildFile; fileRef = B286D6D04B54400789F9F408 /* EvilIcons.ttf */; };
		7E54E4EF73714E469088BD0E /* MaterialIcons.ttf in Resources */ = {isa = PBXBuildFile; fileRef = 73407646291D4FA88EC4223A /* MaterialIcons.ttf */; };
		7F5BD85A9C2C4C3B8E123CF6 /* SanFrancisco.ttf in Resources */ = {isa = PBXBuildFile; fileRef = B273966AF1A14DFDAE626B65 /* SanFrancisco.ttf */; };
		832341BD1AAA6AB300B99B32 /* libRCTText.a in Frameworks */ = {isa = PBXBuildFile; fileRef = 832341B51AAA6A8300B99B32 /* libRCTText.a */; };
		88A548EC52BD44858265CB14 /* Times New Roman.ttf in Resources */ = {isa = PBXBuildFile; fileRef = 9B02E00472954338985A67D9 /* Times New Roman.ttf */; };
		8CF4AE4F447F42D0BF9E13BC /* libRNImagePicker.a in Frameworks */ = {isa = PBXBuildFile; fileRef = 7FB932DAF6C544818A0734A1 /* libRNImagePicker.a */; };
		921C4FD64B444C4F9CC6285C /* Microsoft Sans Serif.ttf in Resources */ = {isa = PBXBuildFile; fileRef = A40C0B79C9594AA48082A72C /* Microsoft Sans Serif.ttf */; };
		9241C645F1C145AC968C6D82 /* Arial Black.ttf in Resources */ = {isa = PBXBuildFile; fileRef = 230B76CEAC124B62AF36D1B4 /* Arial Black.ttf */; };
		92988DDC9D4C4F368B19B857 /* Arial.ttf in Resources */ = {isa = PBXBuildFile; fileRef = 842F7AA68F1348FBB43C5B7E /* Arial.ttf */; };
		A9A69C3F04F14334B9DD6237 /* Foundation.ttf in Resources */ = {isa = PBXBuildFile; fileRef = 0CD93D39266D4F75A424D2BA /* Foundation.ttf */; };
		AE54637EDDB948FEAD5C548F /* libz.tbd in Frameworks */ = {isa = PBXBuildFile; fileRef = E45E5758A50D4AB8A21F7838 /* libz.tbd */; };
		B14953F038F543AD9860423A /* SanFranciscoBold.ttf in Resources */ = {isa = PBXBuildFile; fileRef = FF00669294314CEBB6D4B73D /* SanFranciscoBold.ttf */; };
		B4E6060CDE854E198A45122B /* FontAwesome.ttf in Resources */ = {isa = PBXBuildFile; fileRef = 8B18941022414D1B8DF6B50D /* FontAwesome.ttf */; };
		B8B050EB03FA44F3B50C0FC6 /* Octicons.ttf in Resources */ = {isa = PBXBuildFile; fileRef = 7833A34F21A64B08854A6008 /* Octicons.ttf */; };
		CA8D419EE96F4BA593D2A4D7 /* SimpleLineIcons.ttf in Resources */ = {isa = PBXBuildFile; fileRef = 7B5105CD94524207B641FFE3 /* SimpleLineIcons.ttf */; };
		CBB67CB6F9864C2990EEE507 /* Zocial.ttf in Resources */ = {isa = PBXBuildFile; fileRef = DD142642CF704C1D95BA76FE /* Zocial.ttf */; };
		CCFD252A42B8426E9D917EB5 /* Rubik-BoldItalic.ttf in Resources */ = {isa = PBXBuildFile; fileRef = D61FB1F9713A4C4E9451DF9F /* Rubik-BoldItalic.ttf */; };
		CD8F750AA848413396E7B310 /* Skia.ttf in Resources */ = {isa = PBXBuildFile; fileRef = 2CA254DF2A7D46639EB7E1A2 /* Skia.ttf */; };
		CF89594A41A941AD96E761CB /* Rubik-LightItalic.ttf in Resources */ = {isa = PBXBuildFile; fileRef = F2FC46177A464E73A333FD6C /* Rubik-LightItalic.ttf */; };
		D3D3540592E14CD0A19CD2DB /* libRealmReact.a in Frameworks */ = {isa = PBXBuildFile; fileRef = 6A216BD6B5E34FB4A3FE9AF5 /* libRealmReact.a */; };
		D6B07EAA86EF4013BAE22B86 /* Rubik-Regular.ttf in Resources */ = {isa = PBXBuildFile; fileRef = 35CF729FF31A435F9E71D5FC /* Rubik-Regular.ttf */; };
		DC3EB604EA564AA7B7718882 /* Rubik-MediumItalic.ttf in Resources */ = {isa = PBXBuildFile; fileRef = 6D5BF1B67C594E5F8A275404 /* Rubik-MediumItalic.ttf */; };
		E2EFA0C244EC442192A6AAD5 /* SanFranciscoThin.ttf in Resources */ = {isa = PBXBuildFile; fileRef = BB173E5496E5434C88D6212E /* SanFranciscoThin.ttf */; };
		E31DA65352F845E2A328CE19 /* Ionicons.ttf in Resources */ = {isa = PBXBuildFile; fileRef = ED608EF3027C473A8ADE1BB2 /* Ionicons.ttf */; };
		E6298AA5D6F24CE6BF8F285C /* MaterialCommunityIcons.ttf in Resources */ = {isa = PBXBuildFile; fileRef = D914F7761D654DCBB78300EB /* MaterialCommunityIcons.ttf */; };
		F086A13E4AAA4A65A6D58828 /* libRNVectorIcons.a in Frameworks */ = {isa = PBXBuildFile; fileRef = 3B5558E4BB6641A387A575B0 /* libRNVectorIcons.a */; };
		F4F9672D68964DEABA7A1B5A /* EvilIcons.ttf in Resources */ = {isa = PBXBuildFile; fileRef = ADF5E3EFCEFA4DDDB3E93E3A /* EvilIcons.ttf */; };
		F5B77FF4A0874F69A8A596F5 /* Rubik-Italic.ttf in Resources */ = {isa = PBXBuildFile; fileRef = E0B577E6CE2447F9A63E8E44 /* Rubik-Italic.ttf */; };
		F99C59634590466B87FCF177 /* Courier New.ttf in Resources */ = {isa = PBXBuildFile; fileRef = 9E4CFB2002AD436885130E7F /* Courier New.ttf */; };
		FA057436A78B4185A664A87A /* Octicons.ttf in Resources */ = {isa = PBXBuildFile; fileRef = 59D410213DE94D81BA9D9F32 /* Octicons.ttf */; };
		FB5BED26CAB34B3A85525918 /* FontAwesome.ttf in Resources */ = {isa = PBXBuildFile; fileRef = 6B1C9A5B865242E78180543B /* FontAwesome.ttf */; };
		FD651D7ACBD44DEEA4C36B4E /* Rubik-Bold.ttf in Resources */ = {isa = PBXBuildFile; fileRef = 5930ECBC94E84C758A1527BA /* Rubik-Bold.ttf */; };
/* End PBXBuildFile section */

/* Begin PBXContainerItemProxy section */
		00C302AB1ABCB8CE00DB3ED1 /* PBXContainerItemProxy */ = {
			isa = PBXContainerItemProxy;
			containerPortal = 00C302A71ABCB8CE00DB3ED1 /* RCTActionSheet.xcodeproj */;
			proxyType = 2;
			remoteGlobalIDString = 134814201AA4EA6300B7C361;
			remoteInfo = RCTActionSheet;
		};
		00C302B91ABCB90400DB3ED1 /* PBXContainerItemProxy */ = {
			isa = PBXContainerItemProxy;
			containerPortal = 00C302B51ABCB90400DB3ED1 /* RCTGeolocation.xcodeproj */;
			proxyType = 2;
			remoteGlobalIDString = 134814201AA4EA6300B7C361;
			remoteInfo = RCTGeolocation;
		};
		00C302BF1ABCB91800DB3ED1 /* PBXContainerItemProxy */ = {
			isa = PBXContainerItemProxy;
			containerPortal = 00C302BB1ABCB91800DB3ED1 /* RCTImage.xcodeproj */;
			proxyType = 2;
			remoteGlobalIDString = 58B5115D1A9E6B3D00147676;
			remoteInfo = RCTImage;
		};
		00C302DB1ABCB9D200DB3ED1 /* PBXContainerItemProxy */ = {
			isa = PBXContainerItemProxy;
			containerPortal = 00C302D31ABCB9D200DB3ED1 /* RCTNetwork.xcodeproj */;
			proxyType = 2;
			remoteGlobalIDString = 58B511DB1A9E6C8500147676;
			remoteInfo = RCTNetwork;
		};
		00C302E31ABCB9EE00DB3ED1 /* PBXContainerItemProxy */ = {
			isa = PBXContainerItemProxy;
			containerPortal = 00C302DF1ABCB9EE00DB3ED1 /* RCTVibration.xcodeproj */;
			proxyType = 2;
			remoteGlobalIDString = 832C81801AAF6DEF007FA2F7;
			remoteInfo = RCTVibration;
		};
		00E356F41AD99517003FC87E /* PBXContainerItemProxy */ = {
			isa = PBXContainerItemProxy;
			containerPortal = 83CBB9F71A601CBA00E9B192 /* Project object */;
			proxyType = 1;
			remoteGlobalIDString = 13B07F861A680F5B00A75B9A;
			remoteInfo = FluxToDoList;
		};
		139105C01AF99BAD00B5F7CC /* PBXContainerItemProxy */ = {
			isa = PBXContainerItemProxy;
			containerPortal = 139105B61AF99BAD00B5F7CC /* RCTSettings.xcodeproj */;
			proxyType = 2;
			remoteGlobalIDString = 134814201AA4EA6300B7C361;
			remoteInfo = RCTSettings;
		};
		139FDEF31B06529B00C62182 /* PBXContainerItemProxy */ = {
			isa = PBXContainerItemProxy;
			containerPortal = 139FDEE61B06529A00C62182 /* RCTWebSocket.xcodeproj */;
			proxyType = 2;
			remoteGlobalIDString = 3C86DF461ADF2C930047B81A;
			remoteInfo = RCTWebSocket;
		};
		146834031AC3E56700842450 /* PBXContainerItemProxy */ = {
			isa = PBXContainerItemProxy;
			containerPortal = 146833FF1AC3E56700842450 /* React.xcodeproj */;
			proxyType = 2;
			remoteGlobalIDString = 83CBBA2E1A601D0E00E9B192;
			remoteInfo = React;
		};
		2D02E4911E0B4A5D006451C7 /* PBXContainerItemProxy */ = {
			isa = PBXContainerItemProxy;
			containerPortal = 83CBB9F71A601CBA00E9B192 /* Project object */;
			proxyType = 1;
			remoteGlobalIDString = 2D02E47A1E0B4A5D006451C7;
			remoteInfo = "FluxToDoList-tvOS";
		};
		3DAD3E831DF850E9000B6D8A /* PBXContainerItemProxy */ = {
			isa = PBXContainerItemProxy;
			containerPortal = 00C302BB1ABCB91800DB3ED1 /* RCTImage.xcodeproj */;
			proxyType = 2;
			remoteGlobalIDString = 2D2A283A1D9B042B00D4039D;
			remoteInfo = "RCTImage-tvOS";
		};
		3DAD3E871DF850E9000B6D8A /* PBXContainerItemProxy */ = {
			isa = PBXContainerItemProxy;
			containerPortal = 78C398B01ACF4ADC00677621 /* RCTLinking.xcodeproj */;
			proxyType = 2;
			remoteGlobalIDString = 2D2A28471D9B043800D4039D;
			remoteInfo = "RCTLinking-tvOS";
		};
		3DAD3E8B1DF850E9000B6D8A /* PBXContainerItemProxy */ = {
			isa = PBXContainerItemProxy;
			containerPortal = 00C302D31ABCB9D200DB3ED1 /* RCTNetwork.xcodeproj */;
			proxyType = 2;
			remoteGlobalIDString = 2D2A28541D9B044C00D4039D;
			remoteInfo = "RCTNetwork-tvOS";
		};
		3DAD3E8F1DF850E9000B6D8A /* PBXContainerItemProxy */ = {
			isa = PBXContainerItemProxy;
			containerPortal = 139105B61AF99BAD00B5F7CC /* RCTSettings.xcodeproj */;
			proxyType = 2;
			remoteGlobalIDString = 2D2A28611D9B046600D4039D;
			remoteInfo = "RCTSettings-tvOS";
		};
		3DAD3E931DF850E9000B6D8A /* PBXContainerItemProxy */ = {
			isa = PBXContainerItemProxy;
			containerPortal = 832341B01AAA6A8300B99B32 /* RCTText.xcodeproj */;
			proxyType = 2;
			remoteGlobalIDString = 2D2A287B1D9B048500D4039D;
			remoteInfo = "RCTText-tvOS";
		};
		3DAD3E981DF850E9000B6D8A /* PBXContainerItemProxy */ = {
			isa = PBXContainerItemProxy;
			containerPortal = 139FDEE61B06529A00C62182 /* RCTWebSocket.xcodeproj */;
			proxyType = 2;
			remoteGlobalIDString = 2D2A28881D9B049200D4039D;
			remoteInfo = "RCTWebSocket-tvOS";
		};
		3DAD3EA21DF850E9000B6D8A /* PBXContainerItemProxy */ = {
			isa = PBXContainerItemProxy;
			containerPortal = 146833FF1AC3E56700842450 /* React.xcodeproj */;
			proxyType = 2;
			remoteGlobalIDString = 2D2A28131D9B038B00D4039D;
			remoteInfo = "React-tvOS";
		};
		3DAD3EA41DF850E9000B6D8A /* PBXContainerItemProxy */ = {
			isa = PBXContainerItemProxy;
			containerPortal = 146833FF1AC3E56700842450 /* React.xcodeproj */;
			proxyType = 2;
			remoteGlobalIDString = 3D3C059A1DE3340900C268FA;
			remoteInfo = yoga;
		};
		3DAD3EA61DF850E9000B6D8A /* PBXContainerItemProxy */ = {
			isa = PBXContainerItemProxy;
			containerPortal = 146833FF1AC3E56700842450 /* React.xcodeproj */;
			proxyType = 2;
			remoteGlobalIDString = 3D3C06751DE3340C00C268FA;
			remoteInfo = "yoga-tvOS";
		};
		3DAD3EA81DF850E9000B6D8A /* PBXContainerItemProxy */ = {
			isa = PBXContainerItemProxy;
			containerPortal = 146833FF1AC3E56700842450 /* React.xcodeproj */;
			proxyType = 2;
			remoteGlobalIDString = 3D3CD9251DE5FBEC00167DC4;
			remoteInfo = cxxreact;
		};
		3DAD3EAA1DF850E9000B6D8A /* PBXContainerItemProxy */ = {
			isa = PBXContainerItemProxy;
			containerPortal = 146833FF1AC3E56700842450 /* React.xcodeproj */;
			proxyType = 2;
			remoteGlobalIDString = 3D3CD9321DE5FBEE00167DC4;
			remoteInfo = "cxxreact-tvOS";
		};
		3DAD3EAC1DF850E9000B6D8A /* PBXContainerItemProxy */ = {
			isa = PBXContainerItemProxy;
			containerPortal = 146833FF1AC3E56700842450 /* React.xcodeproj */;
			proxyType = 2;
			remoteGlobalIDString = 3D3CD90B1DE5FBD600167DC4;
			remoteInfo = jschelpers;
		};
		3DAD3EAE1DF850E9000B6D8A /* PBXContainerItemProxy */ = {
			isa = PBXContainerItemProxy;
			containerPortal = 146833FF1AC3E56700842450 /* React.xcodeproj */;
			proxyType = 2;
			remoteGlobalIDString = 3D3CD9181DE5FBD800167DC4;
			remoteInfo = "jschelpers-tvOS";
		};
		5E9157321DD0AC6500FF2AA8 /* PBXContainerItemProxy */ = {
			isa = PBXContainerItemProxy;
			containerPortal = 5E91572D1DD0AC6500FF2AA8 /* RCTAnimation.xcodeproj */;
			proxyType = 2;
			remoteGlobalIDString = 134814201AA4EA6300B7C361;
			remoteInfo = RCTAnimation;
		};
		5E9157341DD0AC6500FF2AA8 /* PBXContainerItemProxy */ = {
			isa = PBXContainerItemProxy;
			containerPortal = 5E91572D1DD0AC6500FF2AA8 /* RCTAnimation.xcodeproj */;
			proxyType = 2;
			remoteGlobalIDString = 2D2A28201D9B03D100D4039D;
			remoteInfo = "RCTAnimation-tvOS";
		};
		6814ECB71ED00B8900B90519 /* PBXContainerItemProxy */ = {
			isa = PBXContainerItemProxy;
			containerPortal = BD342DC9B77847DA911CB14F /* RealmReact.xcodeproj */;
			proxyType = 2;
			remoteGlobalIDString = F60690131CA2766F0003FB26;
			remoteInfo = RealmReact;
		};
		6814ECE41ED00C7A00B90519 /* PBXContainerItemProxy */ = {
			isa = PBXContainerItemProxy;
			containerPortal = D363B966DC3A4EEBB20E98F0 /* RNVectorIcons.xcodeproj */;
			proxyType = 2;
			remoteGlobalIDString = 5DBEB1501B18CEA900B34395;
			remoteInfo = RNVectorIcons;
		};
		68AE9E671EDC47BB00EDD294 /* PBXContainerItemProxy */ = {
			isa = PBXContainerItemProxy;
			containerPortal = E2D29A6AD89C495C8D2EF1FD /* RNImagePicker.xcodeproj */;
			proxyType = 2;
			remoteGlobalIDString = 014A3B5C1C6CF33500B6D375;
			remoteInfo = RNImagePicker;
		};
		68B2CF741EDBBB2A00A7BF0A /* PBXContainerItemProxy */ = {
			isa = PBXContainerItemProxy;
			containerPortal = 68B2CF6D1EDBBB2A00A7BF0A /* RCTCameraRoll.xcodeproj */;
			proxyType = 2;
			remoteGlobalIDString = 58B5115D1A9E6B3D00147676;
			remoteInfo = RCTCameraRoll;
		};
		78C398B81ACF4ADC00677621 /* PBXContainerItemProxy */ = {
			isa = PBXContainerItemProxy;
			containerPortal = 78C398B01ACF4ADC00677621 /* RCTLinking.xcodeproj */;
			proxyType = 2;
			remoteGlobalIDString = 134814201AA4EA6300B7C361;
			remoteInfo = RCTLinking;
		};
		832341B41AAA6A8300B99B32 /* PBXContainerItemProxy */ = {
			isa = PBXContainerItemProxy;
			containerPortal = 832341B01AAA6A8300B99B32 /* RCTText.xcodeproj */;
			proxyType = 2;
			remoteGlobalIDString = 58B5119B1A9E6C1200147676;
			remoteInfo = RCTText;
		};
/* End PBXContainerItemProxy section */

/* Begin PBXFileReference section */
		008F07F21AC5B25A0029DE68 /* main.jsbundle */ = {isa = PBXFileReference; fileEncoding = 4; lastKnownFileType = text; path = main.jsbundle; sourceTree = "<group>"; };
		00C302A71ABCB8CE00DB3ED1 /* RCTActionSheet.xcodeproj */ = {isa = PBXFileReference; lastKnownFileType = "wrapper.pb-project"; name = RCTActionSheet.xcodeproj; path = "../node_modules/react-native/Libraries/ActionSheetIOS/RCTActionSheet.xcodeproj"; sourceTree = "<group>"; };
		00C302B51ABCB90400DB3ED1 /* RCTGeolocation.xcodeproj */ = {isa = PBXFileReference; lastKnownFileType = "wrapper.pb-project"; name = RCTGeolocation.xcodeproj; path = "../node_modules/react-native/Libraries/Geolocation/RCTGeolocation.xcodeproj"; sourceTree = "<group>"; };
		00C302BB1ABCB91800DB3ED1 /* RCTImage.xcodeproj */ = {isa = PBXFileReference; lastKnownFileType = "wrapper.pb-project"; name = RCTImage.xcodeproj; path = "../node_modules/react-native/Libraries/Image/RCTImage.xcodeproj"; sourceTree = "<group>"; };
		00C302D31ABCB9D200DB3ED1 /* RCTNetwork.xcodeproj */ = {isa = PBXFileReference; lastKnownFileType = "wrapper.pb-project"; name = RCTNetwork.xcodeproj; path = "../node_modules/react-native/Libraries/Network/RCTNetwork.xcodeproj"; sourceTree = "<group>"; };
		00C302DF1ABCB9EE00DB3ED1 /* RCTVibration.xcodeproj */ = {isa = PBXFileReference; lastKnownFileType = "wrapper.pb-project"; name = RCTVibration.xcodeproj; path = "../node_modules/react-native/Libraries/Vibration/RCTVibration.xcodeproj"; sourceTree = "<group>"; };
		00E356EE1AD99517003FC87E /* FluxToDoListTests.xctest */ = {isa = PBXFileReference; explicitFileType = wrapper.cfbundle; includeInIndex = 0; path = FluxToDoListTests.xctest; sourceTree = BUILT_PRODUCTS_DIR; };
		00E356F11AD99517003FC87E /* Info.plist */ = {isa = PBXFileReference; lastKnownFileType = text.plist.xml; path = Info.plist; sourceTree = "<group>"; };
		00E356F21AD99517003FC87E /* FluxToDoListTests.m */ = {isa = PBXFileReference; lastKnownFileType = sourcecode.c.objc; path = FluxToDoListTests.m; sourceTree = "<group>"; };
		01A79CA203064E9898367F3F /* Rubik-BlackItalic.ttf */ = {isa = PBXFileReference; explicitFileType = undefined; fileEncoding = 9; includeInIndex = 0; lastKnownFileType = unknown; name = "Rubik-BlackItalic.ttf"; path = "../node_modules/native-base/Fonts/Rubik-BlackItalic.ttf"; sourceTree = "<group>"; };
		0477AFF46435443EB873305F /* SimpleLineIcons.ttf */ = {isa = PBXFileReference; explicitFileType = undefined; fileEncoding = 9; includeInIndex = 0; lastKnownFileType = unknown; name = SimpleLineIcons.ttf; path = "../node_modules/react-native-vector-icons/Fonts/SimpleLineIcons.ttf"; sourceTree = "<group>"; };
		098DD2BCAE5C4D838DEECEF1 /* Rubik-Medium.ttf */ = {isa = PBXFileReference; explicitFileType = undefined; fileEncoding = 9; includeInIndex = 0; lastKnownFileType = unknown; name = "Rubik-Medium.ttf"; path = "../node_modules/native-base/Fonts/Rubik-Medium.ttf"; sourceTree = "<group>"; };
		0CB18FC31F7046E0B14D4D4B /* Georgia.ttf */ = {isa = PBXFileReference; explicitFileType = undefined; fileEncoding = 9; includeInIndex = 0; lastKnownFileType = unknown; name = Georgia.ttf; path = "../node_modules/native-base/Fonts/Georgia.ttf"; sourceTree = "<group>"; };
		0CD93D39266D4F75A424D2BA /* Foundation.ttf */ = {isa = PBXFileReference; explicitFileType = undefined; fileEncoding = 9; includeInIndex = 0; lastKnownFileType = unknown; name = Foundation.ttf; path = "../node_modules/react-native-vector-icons/Fonts/Foundation.ttf"; sourceTree = "<group>"; };
		0F0D56FD9BDC411ABC31AFA5 /* Entypo.ttf */ = {isa = PBXFileReference; explicitFileType = undefined; fileEncoding = 9; includeInIndex = 0; lastKnownFileType = unknown; name = Entypo.ttf; path = "../node_modules/react-native-vector-icons/Fonts/Entypo.ttf"; sourceTree = "<group>"; };
		139105B61AF99BAD00B5F7CC /* RCTSettings.xcodeproj */ = {isa = PBXFileReference; lastKnownFileType = "wrapper.pb-project"; name = RCTSettings.xcodeproj; path = "../node_modules/react-native/Libraries/Settings/RCTSettings.xcodeproj"; sourceTree = "<group>"; };
		139FDEE61B06529A00C62182 /* RCTWebSocket.xcodeproj */ = {isa = PBXFileReference; lastKnownFileType = "wrapper.pb-project"; name = RCTWebSocket.xcodeproj; path = "../node_modules/react-native/Libraries/WebSocket/RCTWebSocket.xcodeproj"; sourceTree = "<group>"; };
		13B07F961A680F5B00A75B9A /* FluxToDoList.app */ = {isa = PBXFileReference; explicitFileType = wrapper.application; includeInIndex = 0; path = FluxToDoList.app; sourceTree = BUILT_PRODUCTS_DIR; };
		13B07FAF1A68108700A75B9A /* AppDelegate.h */ = {isa = PBXFileReference; fileEncoding = 4; lastKnownFileType = sourcecode.c.h; name = AppDelegate.h; path = FluxToDoList/AppDelegate.h; sourceTree = "<group>"; };
		13B07FB01A68108700A75B9A /* AppDelegate.m */ = {isa = PBXFileReference; fileEncoding = 4; lastKnownFileType = sourcecode.c.objc; name = AppDelegate.m; path = FluxToDoList/AppDelegate.m; sourceTree = "<group>"; };
		13B07FB21A68108700A75B9A /* Base */ = {isa = PBXFileReference; lastKnownFileType = file.xib; name = Base; path = Base.lproj/LaunchScreen.xib; sourceTree = "<group>"; };
		13B07FB51A68108700A75B9A /* Images.xcassets */ = {isa = PBXFileReference; lastKnownFileType = folder.assetcatalog; name = Images.xcassets; path = FluxToDoList/Images.xcassets; sourceTree = "<group>"; };
		13B07FB61A68108700A75B9A /* Info.plist */ = {isa = PBXFileReference; fileEncoding = 4; lastKnownFileType = text.plist.xml; name = Info.plist; path = FluxToDoList/Info.plist; sourceTree = "<group>"; };
		13B07FB71A68108700A75B9A /* main.m */ = {isa = PBXFileReference; fileEncoding = 4; lastKnownFileType = sourcecode.c.objc; name = main.m; path = FluxToDoList/main.m; sourceTree = "<group>"; };
		146833FF1AC3E56700842450 /* React.xcodeproj */ = {isa = PBXFileReference; lastKnownFileType = "wrapper.pb-project"; name = React.xcodeproj; path = "../node_modules/react-native/React/React.xcodeproj"; sourceTree = "<group>"; };
		230B76CEAC124B62AF36D1B4 /* Arial Black.ttf */ = {isa = PBXFileReference; explicitFileType = undefined; fileEncoding = 9; includeInIndex = 0; lastKnownFileType = unknown; name = "Arial Black.ttf"; path = "../node_modules/native-base/Fonts/Arial Black.ttf"; sourceTree = "<group>"; };
		2CA254DF2A7D46639EB7E1A2 /* Skia.ttf */ = {isa = PBXFileReference; explicitFileType = undefined; fileEncoding = 9; includeInIndex = 0; lastKnownFileType = unknown; name = Skia.ttf; path = "../node_modules/native-base/Fonts/Skia.ttf"; sourceTree = "<group>"; };
		2D02E47B1E0B4A5D006451C7 /* FluxToDoList-tvOS.app */ = {isa = PBXFileReference; explicitFileType = wrapper.application; includeInIndex = 0; path = "FluxToDoList-tvOS.app"; sourceTree = BUILT_PRODUCTS_DIR; };
		2D02E4901E0B4A5D006451C7 /* FluxToDoList-tvOSTests.xctest */ = {isa = PBXFileReference; explicitFileType = wrapper.cfbundle; includeInIndex = 0; path = "FluxToDoList-tvOSTests.xctest"; sourceTree = BUILT_PRODUCTS_DIR; };
		3348568CB42844CBAC4487A1 /* Ionicons.ttf */ = {isa = PBXFileReference; explicitFileType = undefined; fileEncoding = 9; includeInIndex = 0; lastKnownFileType = unknown; name = Ionicons.ttf; path = "../node_modules/react-native-vector-icons/Fonts/Ionicons.ttf"; sourceTree = "<group>"; };
		35CF729FF31A435F9E71D5FC /* Rubik-Regular.ttf */ = {isa = PBXFileReference; explicitFileType = undefined; fileEncoding = 9; includeInIndex = 0; lastKnownFileType = unknown; name = "Rubik-Regular.ttf"; path = "../node_modules/native-base/Fonts/Rubik-Regular.ttf"; sourceTree = "<group>"; };
		3B5558E4BB6641A387A575B0 /* libRNVectorIcons.a */ = {isa = PBXFileReference; explicitFileType = undefined; fileEncoding = 9; includeInIndex = 0; lastKnownFileType = archive.ar; path = libRNVectorIcons.a; sourceTree = "<group>"; };
		4E89CB4CD7FA4584A2E576C5 /* Roboto.ttf */ = {isa = PBXFileReference; explicitFileType = undefined; fileEncoding = 9; includeInIndex = 0; lastKnownFileType = unknown; name = Roboto.ttf; path = "../node_modules/native-base/Fonts/Roboto.ttf"; sourceTree = "<group>"; };
		50B396C53D8E417B8F17A194 /* Zocial.ttf */ = {isa = PBXFileReference; explicitFileType = undefined; fileEncoding = 9; includeInIndex = 0; lastKnownFileType = unknown; name = Zocial.ttf; path = "../node_modules/native-base/Fonts/Zocial.ttf"; sourceTree = "<group>"; };
		54E92821985E4E82869D60FC /* Comic Sans MS.ttf */ = {isa = PBXFileReference; explicitFileType = undefined; fileEncoding = 9; includeInIndex = 0; lastKnownFileType = unknown; name = "Comic Sans MS.ttf"; path = "../node_modules/native-base/Fonts/Comic Sans MS.ttf"; sourceTree = "<group>"; };
		5930ECBC94E84C758A1527BA /* Rubik-Bold.ttf */ = {isa = PBXFileReference; explicitFileType = undefined; fileEncoding = 9; includeInIndex = 0; lastKnownFileType = unknown; name = "Rubik-Bold.ttf"; path = "../node_modules/native-base/Fonts/Rubik-Bold.ttf"; sourceTree = "<group>"; };
		59D410213DE94D81BA9D9F32 /* Octicons.ttf */ = {isa = PBXFileReference; explicitFileType = undefined; fileEncoding = 9; includeInIndex = 0; lastKnownFileType = unknown; name = Octicons.ttf; path = "../node_modules/react-native-vector-icons/Fonts/Octicons.ttf"; sourceTree = "<group>"; };
		5E91572D1DD0AC6500FF2AA8 /* RCTAnimation.xcodeproj */ = {isa = PBXFileReference; lastKnownFileType = "wrapper.pb-project"; name = RCTAnimation.xcodeproj; path = "../node_modules/react-native/Libraries/NativeAnimation/RCTAnimation.xcodeproj"; sourceTree = "<group>"; };
		6246BD7C5B7C42ADA7EE5C8A /* Foundation.ttf */ = {isa = PBXFileReference; explicitFileType = undefined; fileEncoding = 9; includeInIndex = 0; lastKnownFileType = unknown; name = Foundation.ttf; path = "../node_modules/native-base/Fonts/Foundation.ttf"; sourceTree = "<group>"; };
		68B2CF6D1EDBBB2A00A7BF0A /* RCTCameraRoll.xcodeproj */ = {isa = PBXFileReference; lastKnownFileType = "wrapper.pb-project"; name = RCTCameraRoll.xcodeproj; path = "../node_modules/react-native/Libraries/CameraRoll/RCTCameraRoll.xcodeproj"; sourceTree = "<group>"; };
		6A216BD6B5E34FB4A3FE9AF5 /* libRealmReact.a */ = {isa = PBXFileReference; explicitFileType = undefined; fileEncoding = 9; includeInIndex = 0; lastKnownFileType = archive.ar; path = libRealmReact.a; sourceTree = "<group>"; };
		6B1C9A5B865242E78180543B /* FontAwesome.ttf */ = {isa = PBXFileReference; explicitFileType = undefined; fileEncoding = 9; includeInIndex = 0; lastKnownFileType = unknown; name = FontAwesome.ttf; path = "../node_modules/react-native-vector-icons/Fonts/FontAwesome.ttf"; sourceTree = "<group>"; };
		6D5BF1B67C594E5F8A275404 /* Rubik-MediumItalic.ttf */ = {isa = PBXFileReference; explicitFileType = undefined; fileEncoding = 9; includeInIndex = 0; lastKnownFileType = unknown; name = "Rubik-MediumItalic.ttf"; path = "../node_modules/native-base/Fonts/Rubik-MediumItalic.ttf"; sourceTree = "<group>"; };
		711E04EF4D2E461099045A87 /* libc++.tbd */ = {isa = PBXFileReference; explicitFileType = undefined; fileEncoding = 9; includeInIndex = 0; lastKnownFileType = "sourcecode.text-based-dylib-definition"; name = "libc++.tbd"; path = "usr/lib/libc++.tbd"; sourceTree = SDKROOT; };
		73407646291D4FA88EC4223A /* MaterialIcons.ttf */ = {isa = PBXFileReference; explicitFileType = undefined; fileEncoding = 9; includeInIndex = 0; lastKnownFileType = unknown; name = MaterialIcons.ttf; path = "../node_modules/react-native-vector-icons/Fonts/MaterialIcons.ttf"; sourceTree = "<group>"; };
		7833A34F21A64B08854A6008 /* Octicons.ttf */ = {isa = PBXFileReference; explicitFileType = undefined; fileEncoding = 9; includeInIndex = 0; lastKnownFileType = unknown; name = Octicons.ttf; path = "../node_modules/native-base/Fonts/Octicons.ttf"; sourceTree = "<group>"; };
		78C398B01ACF4ADC00677621 /* RCTLinking.xcodeproj */ = {isa = PBXFileReference; lastKnownFileType = "wrapper.pb-project"; name = RCTLinking.xcodeproj; path = "../node_modules/react-native/Libraries/LinkingIOS/RCTLinking.xcodeproj"; sourceTree = "<group>"; };
		7B5105CD94524207B641FFE3 /* SimpleLineIcons.ttf */ = {isa = PBXFileReference; explicitFileType = undefined; fileEncoding = 9; includeInIndex = 0; lastKnownFileType = unknown; name = SimpleLineIcons.ttf; path = "../node_modules/native-base/Fonts/SimpleLineIcons.ttf"; sourceTree = "<group>"; };
		7BBA7B33F4324DA49CA8BE04 /* MaterialIcons.ttf */ = {isa = PBXFileReference; explicitFileType = undefined; fileEncoding = 9; includeInIndex = 0; lastKnownFileType = unknown; name = MaterialIcons.ttf; path = "../node_modules/native-base/Fonts/MaterialIcons.ttf"; sourceTree = "<group>"; };
		7FB932DAF6C544818A0734A1 /* libRNImagePicker.a */ = {isa = PBXFileReference; explicitFileType = undefined; fileEncoding = 9; includeInIndex = 0; lastKnownFileType = archive.ar; path = libRNImagePicker.a; sourceTree = "<group>"; };
		832341B01AAA6A8300B99B32 /* RCTText.xcodeproj */ = {isa = PBXFileReference; lastKnownFileType = "wrapper.pb-project"; name = RCTText.xcodeproj; path = "../node_modules/react-native/Libraries/Text/RCTText.xcodeproj"; sourceTree = "<group>"; };
		842F7AA68F1348FBB43C5B7E /* Arial.ttf */ = {isa = PBXFileReference; explicitFileType = undefined; fileEncoding = 9; includeInIndex = 0; lastKnownFileType = unknown; name = Arial.ttf; path = "../node_modules/native-base/Fonts/Arial.ttf"; sourceTree = "<group>"; };
		8B18941022414D1B8DF6B50D /* FontAwesome.ttf */ = {isa = PBXFileReference; explicitFileType = undefined; fileEncoding = 9; includeInIndex = 0; lastKnownFileType = unknown; name = FontAwesome.ttf; path = "../node_modules/native-base/Fonts/FontAwesome.ttf"; sourceTree = "<group>"; };
		8C4D6E38F573466B805CA188 /* rubicon-icon-font.ttf */ = {isa = PBXFileReference; explicitFileType = undefined; fileEncoding = 9; includeInIndex = 0; lastKnownFileType = unknown; name = "rubicon-icon-font.ttf"; path = "../node_modules/native-base/Fonts/rubicon-icon-font.ttf"; sourceTree = "<group>"; };
		979ADC46372D4F13B4DFAB13 /* Roboto_medium.ttf */ = {isa = PBXFileReference; explicitFileType = undefined; fileEncoding = 9; includeInIndex = 0; lastKnownFileType = unknown; name = Roboto_medium.ttf; path = "../node_modules/native-base/Fonts/Roboto_medium.ttf"; sourceTree = "<group>"; };
		9B02E00472954338985A67D9 /* Times New Roman.ttf */ = {isa = PBXFileReference; explicitFileType = undefined; fileEncoding = 9; includeInIndex = 0; lastKnownFileType = unknown; name = "Times New Roman.ttf"; path = "../node_modules/native-base/Fonts/Times New Roman.ttf"; sourceTree = "<group>"; };
		9E4CFB2002AD436885130E7F /* Courier New.ttf */ = {isa = PBXFileReference; explicitFileType = undefined; fileEncoding = 9; includeInIndex = 0; lastKnownFileType = unknown; name = "Courier New.ttf"; path = "../node_modules/native-base/Fonts/Courier New.ttf"; sourceTree = "<group>"; };
		A40C0B79C9594AA48082A72C /* Microsoft Sans Serif.ttf */ = {isa = PBXFileReference; explicitFileType = undefined; fileEncoding = 9; includeInIndex = 0; lastKnownFileType = unknown; name = "Microsoft Sans Serif.ttf"; path = "../node_modules/native-base/Fonts/Microsoft Sans Serif.ttf"; sourceTree = "<group>"; };
		ADF5E3EFCEFA4DDDB3E93E3A /* EvilIcons.ttf */ = {isa = PBXFileReference; explicitFileType = undefined; fileEncoding = 9; includeInIndex = 0; lastKnownFileType = unknown; name = EvilIcons.ttf; path = "../node_modules/react-native-vector-icons/Fonts/EvilIcons.ttf"; sourceTree = "<group>"; };
		B273966AF1A14DFDAE626B65 /* SanFrancisco.ttf */ = {isa = PBXFileReference; explicitFileType = undefined; fileEncoding = 9; includeInIndex = 0; lastKnownFileType = unknown; name = SanFrancisco.ttf; path = "../node_modules/native-base/Fonts/SanFrancisco.ttf"; sourceTree = "<group>"; };
		B286D6D04B54400789F9F408 /* EvilIcons.ttf */ = {isa = PBXFileReference; explicitFileType = undefined; fileEncoding = 9; includeInIndex = 0; lastKnownFileType = unknown; name = EvilIcons.ttf; path = "../node_modules/native-base/Fonts/EvilIcons.ttf"; sourceTree = "<group>"; };
		B2B41A3CA63644BC97CC5908 /* Rubik-Light.ttf */ = {isa = PBXFileReference; explicitFileType = undefined; fileEncoding = 9; includeInIndex = 0; lastKnownFileType = unknown; name = "Rubik-Light.ttf"; path = "../node_modules/native-base/Fonts/Rubik-Light.ttf"; sourceTree = "<group>"; };
		B2C9D3161C314A79BB4A53E6 /* Andale Mono.ttf */ = {isa = PBXFileReference; explicitFileType = undefined; fileEncoding = 9; includeInIndex = 0; lastKnownFileType = unknown; name = "Andale Mono.ttf"; path = "../node_modules/native-base/Fonts/Andale Mono.ttf"; sourceTree = "<group>"; };
		BB173E5496E5434C88D6212E /* SanFranciscoThin.ttf */ = {isa = PBXFileReference; explicitFileType = undefined; fileEncoding = 9; includeInIndex = 0; lastKnownFileType = unknown; name = SanFranciscoThin.ttf; path = "../node_modules/native-base/Fonts/SanFranciscoThin.ttf"; sourceTree = "<group>"; };
		BD342DC9B77847DA911CB14F /* RealmReact.xcodeproj */ = {isa = PBXFileReference; explicitFileType = undefined; fileEncoding = 9; includeInIndex = 0; lastKnownFileType = "wrapper.pb-project"; name = RealmReact.xcodeproj; path = "../node_modules/realm/react-native/ios/RealmReact.xcodeproj"; sourceTree = "<group>"; };
		BD388BBFF0BD424EBB715134 /* Rubik-Black.ttf */ = {isa = PBXFileReference; explicitFileType = undefined; fileEncoding = 9; includeInIndex = 0; lastKnownFileType = unknown; name = "Rubik-Black.ttf"; path = "../node_modules/native-base/Fonts/Rubik-Black.ttf"; sourceTree = "<group>"; };
		D363B966DC3A4EEBB20E98F0 /* RNVectorIcons.xcodeproj */ = {isa = PBXFileReference; explicitFileType = undefined; fileEncoding = 9; includeInIndex = 0; lastKnownFileType = "wrapper.pb-project"; name = RNVectorIcons.xcodeproj; path = "../node_modules/react-native-vector-icons/RNVectorIcons.xcodeproj"; sourceTree = "<group>"; };
		D61FB1F9713A4C4E9451DF9F /* Rubik-BoldItalic.ttf */ = {isa = PBXFileReference; explicitFileType = undefined; fileEncoding = 9; includeInIndex = 0; lastKnownFileType = unknown; name = "Rubik-BoldItalic.ttf"; path = "../node_modules/native-base/Fonts/Rubik-BoldItalic.ttf"; sourceTree = "<group>"; };
		D914F7761D654DCBB78300EB /* MaterialCommunityIcons.ttf */ = {isa = PBXFileReference; explicitFileType = undefined; fileEncoding = 9; includeInIndex = 0; lastKnownFileType = unknown; name = MaterialCommunityIcons.ttf; path = "../node_modules/react-native-vector-icons/Fonts/MaterialCommunityIcons.ttf"; sourceTree = "<group>"; };
		DD142642CF704C1D95BA76FE /* Zocial.ttf */ = {isa = PBXFileReference; explicitFileType = undefined; fileEncoding = 9; includeInIndex = 0; lastKnownFileType = unknown; name = Zocial.ttf; path = "../node_modules/react-native-vector-icons/Fonts/Zocial.ttf"; sourceTree = "<group>"; };
		E0B577E6CE2447F9A63E8E44 /* Rubik-Italic.ttf */ = {isa = PBXFileReference; explicitFileType = undefined; fileEncoding = 9; includeInIndex = 0; lastKnownFileType = unknown; name = "Rubik-Italic.ttf"; path = "../node_modules/native-base/Fonts/Rubik-Italic.ttf"; sourceTree = "<group>"; };
		E2D29A6AD89C495C8D2EF1FD /* RNImagePicker.xcodeproj */ = {isa = PBXFileReference; explicitFileType = undefined; fileEncoding = 9; includeInIndex = 0; lastKnownFileType = "wrapper.pb-project"; name = RNImagePicker.xcodeproj; path = "../node_modules/react-native-image-picker/ios/RNImagePicker.xcodeproj"; sourceTree = "<group>"; };
		E45E5758A50D4AB8A21F7838 /* libz.tbd */ = {isa = PBXFileReference; explicitFileType = undefined; fileEncoding = 9; includeInIndex = 0; lastKnownFileType = "sourcecode.text-based-dylib-definition"; name = libz.tbd; path = usr/lib/libz.tbd; sourceTree = SDKROOT; };
		E4A5589EED9446C288BA9410 /* Entypo.ttf */ = {isa = PBXFileReference; explicitFileType = undefined; fileEncoding = 9; includeInIndex = 0; lastKnownFileType = unknown; name = Entypo.ttf; path = "../node_modules/native-base/Fonts/Entypo.ttf"; sourceTree = "<group>"; };
		ED608EF3027C473A8ADE1BB2 /* Ionicons.ttf */ = {isa = PBXFileReference; explicitFileType = undefined; fileEncoding = 9; includeInIndex = 0; lastKnownFileType = unknown; name = Ionicons.ttf; path = "../node_modules/native-base/Fonts/Ionicons.ttf"; sourceTree = "<group>"; };
		F2FC46177A464E73A333FD6C /* Rubik-LightItalic.ttf */ = {isa = PBXFileReference; explicitFileType = undefined; fileEncoding = 9; includeInIndex = 0; lastKnownFileType = unknown; name = "Rubik-LightItalic.ttf"; path = "../node_modules/native-base/Fonts/Rubik-LightItalic.ttf"; sourceTree = "<group>"; };
		F65F9918975745A2976FA94B /* SF-UI-Text-Regular.otf */ = {isa = PBXFileReference; explicitFileType = undefined; fileEncoding = 9; includeInIndex = 0; lastKnownFileType = unknown; name = "SF-UI-Text-Regular.otf"; path = "../node_modules/native-base/Fonts/SF-UI-Text-Regular.otf"; sourceTree = "<group>"; };
		FF00669294314CEBB6D4B73D /* SanFranciscoBold.ttf */ = {isa = PBXFileReference; explicitFileType = undefined; fileEncoding = 9; includeInIndex = 0; lastKnownFileType = unknown; name = SanFranciscoBold.ttf; path = "../node_modules/native-base/Fonts/SanFranciscoBold.ttf"; sourceTree = "<group>"; };
/* End PBXFileReference section */

/* Begin PBXFrameworksBuildPhase section */
		00E356EB1AD99517003FC87E /* Frameworks */ = {
			isa = PBXFrameworksBuildPhase;
			buildActionMask = 2147483647;
			files = (
				140ED2AC1D01E1AD002B40FF /* libReact.a in Frameworks */,
			);
			runOnlyForDeploymentPostprocessing = 0;
		};
		13B07F8C1A680F5B00A75B9A /* Frameworks */ = {
			isa = PBXFrameworksBuildPhase;
			buildActionMask = 2147483647;
			files = (
				68B2CFCA1EDBBE4C00A7BF0A /* libRCTCameraRoll.a in Frameworks */,
				146834051AC3E58100842450 /* libReact.a in Frameworks */,
				5E9157361DD0AC6A00FF2AA8 /* libRCTAnimation.a in Frameworks */,
				00C302E51ABCBA2D00DB3ED1 /* libRCTActionSheet.a in Frameworks */,
				00C302E71ABCBA2D00DB3ED1 /* libRCTGeolocation.a in Frameworks */,
				00C302E81ABCBA2D00DB3ED1 /* libRCTImage.a in Frameworks */,
				133E29F31AD74F7200F7D852 /* libRCTLinking.a in Frameworks */,
				00C302E91ABCBA2D00DB3ED1 /* libRCTNetwork.a in Frameworks */,
				139105C61AF99C1200B5F7CC /* libRCTSettings.a in Frameworks */,
				832341BD1AAA6AB300B99B32 /* libRCTText.a in Frameworks */,
				00C302EA1ABCBA2D00DB3ED1 /* libRCTVibration.a in Frameworks */,
				68B2CFE61EDBBE5700A7BF0A /* libRNVectorIcons.a in Frameworks */,
				139FDEF61B0652A700C62182 /* libRCTWebSocket.a in Frameworks */,
				D3D3540592E14CD0A19CD2DB /* libRealmReact.a in Frameworks */,
				4052377849914E46A58D1D5A /* libc++.tbd in Frameworks */,
				AE54637EDDB948FEAD5C548F /* libz.tbd in Frameworks */,
				F086A13E4AAA4A65A6D58828 /* libRNVectorIcons.a in Frameworks */,
				8CF4AE4F447F42D0BF9E13BC /* libRNImagePicker.a in Frameworks */,
			);
			runOnlyForDeploymentPostprocessing = 0;
		};
		2D02E4781E0B4A5D006451C7 /* Frameworks */ = {
			isa = PBXFrameworksBuildPhase;
			buildActionMask = 2147483647;
			files = (
				2D02E4C91E0B4AEC006451C7 /* libReact.a in Frameworks */,
				2D02E4C21E0B4AEC006451C7 /* libRCTAnimation.a in Frameworks */,
				2D02E4C31E0B4AEC006451C7 /* libRCTImage-tvOS.a in Frameworks */,
				2D02E4C41E0B4AEC006451C7 /* libRCTLinking-tvOS.a in Frameworks */,
				2D02E4C51E0B4AEC006451C7 /* libRCTNetwork-tvOS.a in Frameworks */,
				2D02E4C61E0B4AEC006451C7 /* libRCTSettings-tvOS.a in Frameworks */,
				2D02E4C71E0B4AEC006451C7 /* libRCTText-tvOS.a in Frameworks */,
				2D02E4C81E0B4AEC006451C7 /* libRCTWebSocket-tvOS.a in Frameworks */,
			);
			runOnlyForDeploymentPostprocessing = 0;
		};
		2D02E48D1E0B4A5D006451C7 /* Frameworks */ = {
			isa = PBXFrameworksBuildPhase;
			buildActionMask = 2147483647;
			files = (
			);
			runOnlyForDeploymentPostprocessing = 0;
		};
/* End PBXFrameworksBuildPhase section */

/* Begin PBXGroup section */
		00C302A81ABCB8CE00DB3ED1 /* Products */ = {
			isa = PBXGroup;
			children = (
				00C302AC1ABCB8CE00DB3ED1 /* libRCTActionSheet.a */,
			);
			name = Products;
			sourceTree = "<group>";
		};
		00C302B61ABCB90400DB3ED1 /* Products */ = {
			isa = PBXGroup;
			children = (
				00C302BA1ABCB90400DB3ED1 /* libRCTGeolocation.a */,
			);
			name = Products;
			sourceTree = "<group>";
		};
		00C302BC1ABCB91800DB3ED1 /* Products */ = {
			isa = PBXGroup;
			children = (
				00C302C01ABCB91800DB3ED1 /* libRCTImage.a */,
				3DAD3E841DF850E9000B6D8A /* libRCTImage-tvOS.a */,
			);
			name = Products;
			sourceTree = "<group>";
		};
		00C302D41ABCB9D200DB3ED1 /* Products */ = {
			isa = PBXGroup;
			children = (
				00C302DC1ABCB9D200DB3ED1 /* libRCTNetwork.a */,
				3DAD3E8C1DF850E9000B6D8A /* libRCTNetwork-tvOS.a */,
			);
			name = Products;
			sourceTree = "<group>";
		};
		00C302E01ABCB9EE00DB3ED1 /* Products */ = {
			isa = PBXGroup;
			children = (
				00C302E41ABCB9EE00DB3ED1 /* libRCTVibration.a */,
			);
			name = Products;
			sourceTree = "<group>";
		};
		00E356EF1AD99517003FC87E /* FluxToDoListTests */ = {
			isa = PBXGroup;
			children = (
				00E356F21AD99517003FC87E /* FluxToDoListTests.m */,
				00E356F01AD99517003FC87E /* Supporting Files */,
			);
			path = FluxToDoListTests;
			sourceTree = "<group>";
		};
		00E356F01AD99517003FC87E /* Supporting Files */ = {
			isa = PBXGroup;
			children = (
				00E356F11AD99517003FC87E /* Info.plist */,
			);
			name = "Supporting Files";
			sourceTree = "<group>";
		};
		139105B71AF99BAD00B5F7CC /* Products */ = {
			isa = PBXGroup;
			children = (
				139105C11AF99BAD00B5F7CC /* libRCTSettings.a */,
				3DAD3E901DF850E9000B6D8A /* libRCTSettings-tvOS.a */,
			);
			name = Products;
			sourceTree = "<group>";
		};
		139FDEE71B06529A00C62182 /* Products */ = {
			isa = PBXGroup;
			children = (
				139FDEF41B06529B00C62182 /* libRCTWebSocket.a */,
				3DAD3E991DF850E9000B6D8A /* libRCTWebSocket-tvOS.a */,
			);
			name = Products;
			sourceTree = "<group>";
		};
		13B07FAE1A68108700A75B9A /* FluxToDoList */ = {
			isa = PBXGroup;
			children = (
				008F07F21AC5B25A0029DE68 /* main.jsbundle */,
				13B07FAF1A68108700A75B9A /* AppDelegate.h */,
				13B07FB01A68108700A75B9A /* AppDelegate.m */,
				13B07FB51A68108700A75B9A /* Images.xcassets */,
				13B07FB61A68108700A75B9A /* Info.plist */,
				13B07FB11A68108700A75B9A /* LaunchScreen.xib */,
				13B07FB71A68108700A75B9A /* main.m */,
			);
			name = FluxToDoList;
			sourceTree = "<group>";
		};
		146834001AC3E56700842450 /* Products */ = {
			isa = PBXGroup;
			children = (
				146834041AC3E56700842450 /* libReact.a */,
				3DAD3EA31DF850E9000B6D8A /* libReact.a */,
				3DAD3EA51DF850E9000B6D8A /* libyoga.a */,
				3DAD3EA71DF850E9000B6D8A /* libyoga.a */,
				3DAD3EA91DF850E9000B6D8A /* libcxxreact.a */,
				3DAD3EAB1DF850E9000B6D8A /* libcxxreact.a */,
				3DAD3EAD1DF850E9000B6D8A /* libjschelpers.a */,
				3DAD3EAF1DF850E9000B6D8A /* libjschelpers.a */,
			);
			name = Products;
			sourceTree = "<group>";
		};
		1BA1185FDE74487D8B7B0AC3 /* Resources */ = {
			isa = PBXGroup;
			children = (
				0F0D56FD9BDC411ABC31AFA5 /* Entypo.ttf */,
				ADF5E3EFCEFA4DDDB3E93E3A /* EvilIcons.ttf */,
				6B1C9A5B865242E78180543B /* FontAwesome.ttf */,
				0CD93D39266D4F75A424D2BA /* Foundation.ttf */,
				3348568CB42844CBAC4487A1 /* Ionicons.ttf */,
				D914F7761D654DCBB78300EB /* MaterialCommunityIcons.ttf */,
				73407646291D4FA88EC4223A /* MaterialIcons.ttf */,
				59D410213DE94D81BA9D9F32 /* Octicons.ttf */,
				0477AFF46435443EB873305F /* SimpleLineIcons.ttf */,
				DD142642CF704C1D95BA76FE /* Zocial.ttf */,
				B2C9D3161C314A79BB4A53E6 /* Andale Mono.ttf */,
				230B76CEAC124B62AF36D1B4 /* Arial Black.ttf */,
				842F7AA68F1348FBB43C5B7E /* Arial.ttf */,
				54E92821985E4E82869D60FC /* Comic Sans MS.ttf */,
				9E4CFB2002AD436885130E7F /* Courier New.ttf */,
				E4A5589EED9446C288BA9410 /* Entypo.ttf */,
				B286D6D04B54400789F9F408 /* EvilIcons.ttf */,
				8B18941022414D1B8DF6B50D /* FontAwesome.ttf */,
				6246BD7C5B7C42ADA7EE5C8A /* Foundation.ttf */,
				0CB18FC31F7046E0B14D4D4B /* Georgia.ttf */,
				ED608EF3027C473A8ADE1BB2 /* Ionicons.ttf */,
				7BBA7B33F4324DA49CA8BE04 /* MaterialIcons.ttf */,
				A40C0B79C9594AA48082A72C /* Microsoft Sans Serif.ttf */,
				7833A34F21A64B08854A6008 /* Octicons.ttf */,
				979ADC46372D4F13B4DFAB13 /* Roboto_medium.ttf */,
				4E89CB4CD7FA4584A2E576C5 /* Roboto.ttf */,
				8C4D6E38F573466B805CA188 /* rubicon-icon-font.ttf */,
				BD388BBFF0BD424EBB715134 /* Rubik-Black.ttf */,
				01A79CA203064E9898367F3F /* Rubik-BlackItalic.ttf */,
				5930ECBC94E84C758A1527BA /* Rubik-Bold.ttf */,
				D61FB1F9713A4C4E9451DF9F /* Rubik-BoldItalic.ttf */,
				E0B577E6CE2447F9A63E8E44 /* Rubik-Italic.ttf */,
				B2B41A3CA63644BC97CC5908 /* Rubik-Light.ttf */,
				F2FC46177A464E73A333FD6C /* Rubik-LightItalic.ttf */,
				098DD2BCAE5C4D838DEECEF1 /* Rubik-Medium.ttf */,
				6D5BF1B67C594E5F8A275404 /* Rubik-MediumItalic.ttf */,
				35CF729FF31A435F9E71D5FC /* Rubik-Regular.ttf */,
				B273966AF1A14DFDAE626B65 /* SanFrancisco.ttf */,
				FF00669294314CEBB6D4B73D /* SanFranciscoBold.ttf */,
				BB173E5496E5434C88D6212E /* SanFranciscoThin.ttf */,
				F65F9918975745A2976FA94B /* SF-UI-Text-Regular.otf */,
				7B5105CD94524207B641FFE3 /* SimpleLineIcons.ttf */,
				2CA254DF2A7D46639EB7E1A2 /* Skia.ttf */,
				9B02E00472954338985A67D9 /* Times New Roman.ttf */,
				50B396C53D8E417B8F17A194 /* Zocial.ttf */,
			);
			name = Resources;
			sourceTree = "<group>";
		};
		590EDDD68F884F1D817B03F8 /* Frameworks */ = {
			isa = PBXGroup;
			children = (
				711E04EF4D2E461099045A87 /* libc++.tbd */,
				E45E5758A50D4AB8A21F7838 /* libz.tbd */,
			);
			name = Frameworks;
			sourceTree = "<group>";
		};
		5E91572E1DD0AC6500FF2AA8 /* Products */ = {
			isa = PBXGroup;
			children = (
				5E9157331DD0AC6500FF2AA8 /* libRCTAnimation.a */,
				5E9157351DD0AC6500FF2AA8 /* libRCTAnimation.a */,
			);
			name = Products;
			sourceTree = "<group>";
		};
		6814EC9B1ED00B8900B90519 /* Products */ = {
			isa = PBXGroup;
			children = (
				6814ECB81ED00B8900B90519 /* libRealmReact.a */,
			);
			name = Products;
			sourceTree = "<group>";
		};
		6814ECC71ED00C7900B90519 /* Products */ = {
			isa = PBXGroup;
			children = (
				6814ECE51ED00C7A00B90519 /* libRNVectorIcons.a */,
			);
			name = Products;
			sourceTree = "<group>";
		};
		68AE9E491EDC47BB00EDD294 /* Products */ = {
			isa = PBXGroup;
			children = (
				68AE9E681EDC47BB00EDD294 /* libRNImagePicker.a */,
			);
			name = Products;
			sourceTree = "<group>";
		};
		68B2CF6E1EDBBB2A00A7BF0A /* Products */ = {
			isa = PBXGroup;
			children = (
				68B2CF751EDBBB2A00A7BF0A /* libRCTCameraRoll.a */,
			);
			name = Products;
			sourceTree = "<group>";
		};
		78C398B11ACF4ADC00677621 /* Products */ = {
			isa = PBXGroup;
			children = (
				78C398B91ACF4ADC00677621 /* libRCTLinking.a */,
				3DAD3E881DF850E9000B6D8A /* libRCTLinking-tvOS.a */,
			);
			name = Products;
			sourceTree = "<group>";
		};
		832341AE1AAA6A7D00B99B32 /* Libraries */ = {
			isa = PBXGroup;
			children = (
				68B2CF6D1EDBBB2A00A7BF0A /* RCTCameraRoll.xcodeproj */,
				5E91572D1DD0AC6500FF2AA8 /* RCTAnimation.xcodeproj */,
				146833FF1AC3E56700842450 /* React.xcodeproj */,
				00C302A71ABCB8CE00DB3ED1 /* RCTActionSheet.xcodeproj */,
				00C302B51ABCB90400DB3ED1 /* RCTGeolocation.xcodeproj */,
				00C302BB1ABCB91800DB3ED1 /* RCTImage.xcodeproj */,
				78C398B01ACF4ADC00677621 /* RCTLinking.xcodeproj */,
				00C302D31ABCB9D200DB3ED1 /* RCTNetwork.xcodeproj */,
				139105B61AF99BAD00B5F7CC /* RCTSettings.xcodeproj */,
				832341B01AAA6A8300B99B32 /* RCTText.xcodeproj */,
				00C302DF1ABCB9EE00DB3ED1 /* RCTVibration.xcodeproj */,
				139FDEE61B06529A00C62182 /* RCTWebSocket.xcodeproj */,
				BD342DC9B77847DA911CB14F /* RealmReact.xcodeproj */,
				D363B966DC3A4EEBB20E98F0 /* RNVectorIcons.xcodeproj */,
				E2D29A6AD89C495C8D2EF1FD /* RNImagePicker.xcodeproj */,
			);
			name = Libraries;
			sourceTree = "<group>";
		};
		832341B11AAA6A8300B99B32 /* Products */ = {
			isa = PBXGroup;
			children = (
				832341B51AAA6A8300B99B32 /* libRCTText.a */,
				3DAD3E941DF850E9000B6D8A /* libRCTText-tvOS.a */,
			);
			name = Products;
			sourceTree = "<group>";
		};
		83CBB9F61A601CBA00E9B192 = {
			isa = PBXGroup;
			children = (
				13B07FAE1A68108700A75B9A /* FluxToDoList */,
				832341AE1AAA6A7D00B99B32 /* Libraries */,
				00E356EF1AD99517003FC87E /* FluxToDoListTests */,
				83CBBA001A601CBA00E9B192 /* Products */,
				590EDDD68F884F1D817B03F8 /* Frameworks */,
				1BA1185FDE74487D8B7B0AC3 /* Resources */,
			);
			indentWidth = 2;
			sourceTree = "<group>";
			tabWidth = 2;
		};
		83CBBA001A601CBA00E9B192 /* Products */ = {
			isa = PBXGroup;
			children = (
				13B07F961A680F5B00A75B9A /* FluxToDoList.app */,
				00E356EE1AD99517003FC87E /* FluxToDoListTests.xctest */,
				2D02E47B1E0B4A5D006451C7 /* FluxToDoList-tvOS.app */,
				2D02E4901E0B4A5D006451C7 /* FluxToDoList-tvOSTests.xctest */,
			);
			name = Products;
			sourceTree = "<group>";
		};
/* End PBXGroup section */

/* Begin PBXNativeTarget section */
		00E356ED1AD99517003FC87E /* FluxToDoListTests */ = {
			isa = PBXNativeTarget;
			buildConfigurationList = 00E357021AD99517003FC87E /* Build configuration list for PBXNativeTarget "FluxToDoListTests" */;
			buildPhases = (
				00E356EA1AD99517003FC87E /* Sources */,
				00E356EB1AD99517003FC87E /* Frameworks */,
				00E356EC1AD99517003FC87E /* Resources */,
			);
			buildRules = (
			);
			dependencies = (
				00E356F51AD99517003FC87E /* PBXTargetDependency */,
			);
			name = FluxToDoListTests;
			productName = FluxToDoListTests;
			productReference = 00E356EE1AD99517003FC87E /* FluxToDoListTests.xctest */;
			productType = "com.apple.product-type.bundle.unit-test";
		};
		13B07F861A680F5B00A75B9A /* FluxToDoList */ = {
			isa = PBXNativeTarget;
			buildConfigurationList = 13B07F931A680F5B00A75B9A /* Build configuration list for PBXNativeTarget "FluxToDoList" */;
			buildPhases = (
				13B07F871A680F5B00A75B9A /* Sources */,
				13B07F8C1A680F5B00A75B9A /* Frameworks */,
				13B07F8E1A680F5B00A75B9A /* Resources */,
				00DD1BFF1BD5951E006B06BC /* Bundle React Native code and images */,
			);
			buildRules = (
			);
			dependencies = (
			);
			name = FluxToDoList;
			productName = "Hello World";
			productReference = 13B07F961A680F5B00A75B9A /* FluxToDoList.app */;
			productType = "com.apple.product-type.application";
		};
		2D02E47A1E0B4A5D006451C7 /* FluxToDoList-tvOS */ = {
			isa = PBXNativeTarget;
			buildConfigurationList = 2D02E4BA1E0B4A5E006451C7 /* Build configuration list for PBXNativeTarget "FluxToDoList-tvOS" */;
			buildPhases = (
				2D02E4771E0B4A5D006451C7 /* Sources */,
				2D02E4781E0B4A5D006451C7 /* Frameworks */,
				2D02E4791E0B4A5D006451C7 /* Resources */,
				2D02E4CB1E0B4B27006451C7 /* Bundle React Native Code And Images */,
			);
			buildRules = (
			);
			dependencies = (
			);
			name = "FluxToDoList-tvOS";
			productName = "FluxToDoList-tvOS";
			productReference = 2D02E47B1E0B4A5D006451C7 /* FluxToDoList-tvOS.app */;
			productType = "com.apple.product-type.application";
		};
		2D02E48F1E0B4A5D006451C7 /* FluxToDoList-tvOSTests */ = {
			isa = PBXNativeTarget;
			buildConfigurationList = 2D02E4BB1E0B4A5E006451C7 /* Build configuration list for PBXNativeTarget "FluxToDoList-tvOSTests" */;
			buildPhases = (
				2D02E48C1E0B4A5D006451C7 /* Sources */,
				2D02E48D1E0B4A5D006451C7 /* Frameworks */,
				2D02E48E1E0B4A5D006451C7 /* Resources */,
			);
			buildRules = (
			);
			dependencies = (
				2D02E4921E0B4A5D006451C7 /* PBXTargetDependency */,
			);
			name = "FluxToDoList-tvOSTests";
			productName = "FluxToDoList-tvOSTests";
			productReference = 2D02E4901E0B4A5D006451C7 /* FluxToDoList-tvOSTests.xctest */;
			productType = "com.apple.product-type.bundle.unit-test";
		};
/* End PBXNativeTarget section */

/* Begin PBXProject section */
		83CBB9F71A601CBA00E9B192 /* Project object */ = {
			isa = PBXProject;
			attributes = {
				LastUpgradeCheck = 610;
				ORGANIZATIONNAME = Facebook;
				TargetAttributes = {
					00E356ED1AD99517003FC87E = {
						CreatedOnToolsVersion = 6.2;
						DevelopmentTeam = N8577L4CD2;
						TestTargetID = 13B07F861A680F5B00A75B9A;
					};
					13B07F861A680F5B00A75B9A = {
						DevelopmentTeam = N8577L4CD2;
					};
					2D02E47A1E0B4A5D006451C7 = {
						CreatedOnToolsVersion = 8.2.1;
						ProvisioningStyle = Automatic;
					};
					2D02E48F1E0B4A5D006451C7 = {
						CreatedOnToolsVersion = 8.2.1;
						ProvisioningStyle = Automatic;
						TestTargetID = 2D02E47A1E0B4A5D006451C7;
					};
				};
			};
			buildConfigurationList = 83CBB9FA1A601CBA00E9B192 /* Build configuration list for PBXProject "FluxToDoList" */;
			compatibilityVersion = "Xcode 3.2";
			developmentRegion = English;
			hasScannedForEncodings = 0;
			knownRegions = (
				en,
				Base,
			);
			mainGroup = 83CBB9F61A601CBA00E9B192;
			productRefGroup = 83CBBA001A601CBA00E9B192 /* Products */;
			projectDirPath = "";
			projectReferences = (
				{
					ProductGroup = 00C302A81ABCB8CE00DB3ED1 /* Products */;
					ProjectRef = 00C302A71ABCB8CE00DB3ED1 /* RCTActionSheet.xcodeproj */;
				},
				{
					ProductGroup = 5E91572E1DD0AC6500FF2AA8 /* Products */;
					ProjectRef = 5E91572D1DD0AC6500FF2AA8 /* RCTAnimation.xcodeproj */;
				},
				{
					ProductGroup = 68B2CF6E1EDBBB2A00A7BF0A /* Products */;
					ProjectRef = 68B2CF6D1EDBBB2A00A7BF0A /* RCTCameraRoll.xcodeproj */;
				},
				{
					ProductGroup = 00C302B61ABCB90400DB3ED1 /* Products */;
					ProjectRef = 00C302B51ABCB90400DB3ED1 /* RCTGeolocation.xcodeproj */;
				},
				{
					ProductGroup = 00C302BC1ABCB91800DB3ED1 /* Products */;
					ProjectRef = 00C302BB1ABCB91800DB3ED1 /* RCTImage.xcodeproj */;
				},
				{
					ProductGroup = 78C398B11ACF4ADC00677621 /* Products */;
					ProjectRef = 78C398B01ACF4ADC00677621 /* RCTLinking.xcodeproj */;
				},
				{
					ProductGroup = 00C302D41ABCB9D200DB3ED1 /* Products */;
					ProjectRef = 00C302D31ABCB9D200DB3ED1 /* RCTNetwork.xcodeproj */;
				},
				{
					ProductGroup = 139105B71AF99BAD00B5F7CC /* Products */;
					ProjectRef = 139105B61AF99BAD00B5F7CC /* RCTSettings.xcodeproj */;
				},
				{
					ProductGroup = 832341B11AAA6A8300B99B32 /* Products */;
					ProjectRef = 832341B01AAA6A8300B99B32 /* RCTText.xcodeproj */;
				},
				{
					ProductGroup = 00C302E01ABCB9EE00DB3ED1 /* Products */;
					ProjectRef = 00C302DF1ABCB9EE00DB3ED1 /* RCTVibration.xcodeproj */;
				},
				{
					ProductGroup = 139FDEE71B06529A00C62182 /* Products */;
					ProjectRef = 139FDEE61B06529A00C62182 /* RCTWebSocket.xcodeproj */;
				},
				{
					ProductGroup = 146834001AC3E56700842450 /* Products */;
					ProjectRef = 146833FF1AC3E56700842450 /* React.xcodeproj */;
				},
				{
					ProductGroup = 6814EC9B1ED00B8900B90519 /* Products */;
					ProjectRef = BD342DC9B77847DA911CB14F /* RealmReact.xcodeproj */;
				},
				{
					ProductGroup = 68AE9E491EDC47BB00EDD294 /* Products */;
					ProjectRef = E2D29A6AD89C495C8D2EF1FD /* RNImagePicker.xcodeproj */;
				},
				{
					ProductGroup = 6814ECC71ED00C7900B90519 /* Products */;
					ProjectRef = D363B966DC3A4EEBB20E98F0 /* RNVectorIcons.xcodeproj */;
				},
			);
			projectRoot = "";
			targets = (
				13B07F861A680F5B00A75B9A /* FluxToDoList */,
				00E356ED1AD99517003FC87E /* FluxToDoListTests */,
				2D02E47A1E0B4A5D006451C7 /* FluxToDoList-tvOS */,
				2D02E48F1E0B4A5D006451C7 /* FluxToDoList-tvOSTests */,
			);
		};
/* End PBXProject section */

/* Begin PBXReferenceProxy section */
		00C302AC1ABCB8CE00DB3ED1 /* libRCTActionSheet.a */ = {
			isa = PBXReferenceProxy;
			fileType = archive.ar;
			path = libRCTActionSheet.a;
			remoteRef = 00C302AB1ABCB8CE00DB3ED1 /* PBXContainerItemProxy */;
			sourceTree = BUILT_PRODUCTS_DIR;
		};
		00C302BA1ABCB90400DB3ED1 /* libRCTGeolocation.a */ = {
			isa = PBXReferenceProxy;
			fileType = archive.ar;
			path = libRCTGeolocation.a;
			remoteRef = 00C302B91ABCB90400DB3ED1 /* PBXContainerItemProxy */;
			sourceTree = BUILT_PRODUCTS_DIR;
		};
		00C302C01ABCB91800DB3ED1 /* libRCTImage.a */ = {
			isa = PBXReferenceProxy;
			fileType = archive.ar;
			path = libRCTImage.a;
			remoteRef = 00C302BF1ABCB91800DB3ED1 /* PBXContainerItemProxy */;
			sourceTree = BUILT_PRODUCTS_DIR;
		};
		00C302DC1ABCB9D200DB3ED1 /* libRCTNetwork.a */ = {
			isa = PBXReferenceProxy;
			fileType = archive.ar;
			path = libRCTNetwork.a;
			remoteRef = 00C302DB1ABCB9D200DB3ED1 /* PBXContainerItemProxy */;
			sourceTree = BUILT_PRODUCTS_DIR;
		};
		00C302E41ABCB9EE00DB3ED1 /* libRCTVibration.a */ = {
			isa = PBXReferenceProxy;
			fileType = archive.ar;
			path = libRCTVibration.a;
			remoteRef = 00C302E31ABCB9EE00DB3ED1 /* PBXContainerItemProxy */;
			sourceTree = BUILT_PRODUCTS_DIR;
		};
		139105C11AF99BAD00B5F7CC /* libRCTSettings.a */ = {
			isa = PBXReferenceProxy;
			fileType = archive.ar;
			path = libRCTSettings.a;
			remoteRef = 139105C01AF99BAD00B5F7CC /* PBXContainerItemProxy */;
			sourceTree = BUILT_PRODUCTS_DIR;
		};
		139FDEF41B06529B00C62182 /* libRCTWebSocket.a */ = {
			isa = PBXReferenceProxy;
			fileType = archive.ar;
			path = libRCTWebSocket.a;
			remoteRef = 139FDEF31B06529B00C62182 /* PBXContainerItemProxy */;
			sourceTree = BUILT_PRODUCTS_DIR;
		};
		146834041AC3E56700842450 /* libReact.a */ = {
			isa = PBXReferenceProxy;
			fileType = archive.ar;
			path = libReact.a;
			remoteRef = 146834031AC3E56700842450 /* PBXContainerItemProxy */;
			sourceTree = BUILT_PRODUCTS_DIR;
		};
		3DAD3E841DF850E9000B6D8A /* libRCTImage-tvOS.a */ = {
			isa = PBXReferenceProxy;
			fileType = archive.ar;
			path = "libRCTImage-tvOS.a";
			remoteRef = 3DAD3E831DF850E9000B6D8A /* PBXContainerItemProxy */;
			sourceTree = BUILT_PRODUCTS_DIR;
		};
		3DAD3E881DF850E9000B6D8A /* libRCTLinking-tvOS.a */ = {
			isa = PBXReferenceProxy;
			fileType = archive.ar;
			path = "libRCTLinking-tvOS.a";
			remoteRef = 3DAD3E871DF850E9000B6D8A /* PBXContainerItemProxy */;
			sourceTree = BUILT_PRODUCTS_DIR;
		};
		3DAD3E8C1DF850E9000B6D8A /* libRCTNetwork-tvOS.a */ = {
			isa = PBXReferenceProxy;
			fileType = archive.ar;
			path = "libRCTNetwork-tvOS.a";
			remoteRef = 3DAD3E8B1DF850E9000B6D8A /* PBXContainerItemProxy */;
			sourceTree = BUILT_PRODUCTS_DIR;
		};
		3DAD3E901DF850E9000B6D8A /* libRCTSettings-tvOS.a */ = {
			isa = PBXReferenceProxy;
			fileType = archive.ar;
			path = "libRCTSettings-tvOS.a";
			remoteRef = 3DAD3E8F1DF850E9000B6D8A /* PBXContainerItemProxy */;
			sourceTree = BUILT_PRODUCTS_DIR;
		};
		3DAD3E941DF850E9000B6D8A /* libRCTText-tvOS.a */ = {
			isa = PBXReferenceProxy;
			fileType = archive.ar;
			path = "libRCTText-tvOS.a";
			remoteRef = 3DAD3E931DF850E9000B6D8A /* PBXContainerItemProxy */;
			sourceTree = BUILT_PRODUCTS_DIR;
		};
		3DAD3E991DF850E9000B6D8A /* libRCTWebSocket-tvOS.a */ = {
			isa = PBXReferenceProxy;
			fileType = archive.ar;
			path = "libRCTWebSocket-tvOS.a";
			remoteRef = 3DAD3E981DF850E9000B6D8A /* PBXContainerItemProxy */;
			sourceTree = BUILT_PRODUCTS_DIR;
		};
		3DAD3EA31DF850E9000B6D8A /* libReact.a */ = {
			isa = PBXReferenceProxy;
			fileType = archive.ar;
			path = libReact.a;
			remoteRef = 3DAD3EA21DF850E9000B6D8A /* PBXContainerItemProxy */;
			sourceTree = BUILT_PRODUCTS_DIR;
		};
		3DAD3EA51DF850E9000B6D8A /* libyoga.a */ = {
			isa = PBXReferenceProxy;
			fileType = archive.ar;
			path = libyoga.a;
			remoteRef = 3DAD3EA41DF850E9000B6D8A /* PBXContainerItemProxy */;
			sourceTree = BUILT_PRODUCTS_DIR;
		};
		3DAD3EA71DF850E9000B6D8A /* libyoga.a */ = {
			isa = PBXReferenceProxy;
			fileType = archive.ar;
			path = libyoga.a;
			remoteRef = 3DAD3EA61DF850E9000B6D8A /* PBXContainerItemProxy */;
			sourceTree = BUILT_PRODUCTS_DIR;
		};
		3DAD3EA91DF850E9000B6D8A /* libcxxreact.a */ = {
			isa = PBXReferenceProxy;
			fileType = archive.ar;
			path = libcxxreact.a;
			remoteRef = 3DAD3EA81DF850E9000B6D8A /* PBXContainerItemProxy */;
			sourceTree = BUILT_PRODUCTS_DIR;
		};
		3DAD3EAB1DF850E9000B6D8A /* libcxxreact.a */ = {
			isa = PBXReferenceProxy;
			fileType = archive.ar;
			path = libcxxreact.a;
			remoteRef = 3DAD3EAA1DF850E9000B6D8A /* PBXContainerItemProxy */;
			sourceTree = BUILT_PRODUCTS_DIR;
		};
		3DAD3EAD1DF850E9000B6D8A /* libjschelpers.a */ = {
			isa = PBXReferenceProxy;
			fileType = archive.ar;
			path = libjschelpers.a;
			remoteRef = 3DAD3EAC1DF850E9000B6D8A /* PBXContainerItemProxy */;
			sourceTree = BUILT_PRODUCTS_DIR;
		};
		3DAD3EAF1DF850E9000B6D8A /* libjschelpers.a */ = {
			isa = PBXReferenceProxy;
			fileType = archive.ar;
			path = libjschelpers.a;
			remoteRef = 3DAD3EAE1DF850E9000B6D8A /* PBXContainerItemProxy */;
			sourceTree = BUILT_PRODUCTS_DIR;
		};
		5E9157331DD0AC6500FF2AA8 /* libRCTAnimation.a */ = {
			isa = PBXReferenceProxy;
			fileType = archive.ar;
			path = libRCTAnimation.a;
			remoteRef = 5E9157321DD0AC6500FF2AA8 /* PBXContainerItemProxy */;
			sourceTree = BUILT_PRODUCTS_DIR;
		};
		5E9157351DD0AC6500FF2AA8 /* libRCTAnimation.a */ = {
			isa = PBXReferenceProxy;
			fileType = archive.ar;
			path = libRCTAnimation.a;
			remoteRef = 5E9157341DD0AC6500FF2AA8 /* PBXContainerItemProxy */;
			sourceTree = BUILT_PRODUCTS_DIR;
		};
		6814ECB81ED00B8900B90519 /* libRealmReact.a */ = {
			isa = PBXReferenceProxy;
			fileType = archive.ar;
			path = libRealmReact.a;
			remoteRef = 6814ECB71ED00B8900B90519 /* PBXContainerItemProxy */;
			sourceTree = BUILT_PRODUCTS_DIR;
		};
		6814ECE51ED00C7A00B90519 /* libRNVectorIcons.a */ = {
			isa = PBXReferenceProxy;
			fileType = archive.ar;
			path = libRNVectorIcons.a;
			remoteRef = 6814ECE41ED00C7A00B90519 /* PBXContainerItemProxy */;
			sourceTree = BUILT_PRODUCTS_DIR;
		};
		68AE9E681EDC47BB00EDD294 /* libRNImagePicker.a */ = {
			isa = PBXReferenceProxy;
			fileType = archive.ar;
			path = libRNImagePicker.a;
			remoteRef = 68AE9E671EDC47BB00EDD294 /* PBXContainerItemProxy */;
			sourceTree = BUILT_PRODUCTS_DIR;
		};
		68B2CF751EDBBB2A00A7BF0A /* libRCTCameraRoll.a */ = {
			isa = PBXReferenceProxy;
			fileType = archive.ar;
			path = libRCTCameraRoll.a;
			remoteRef = 68B2CF741EDBBB2A00A7BF0A /* PBXContainerItemProxy */;
			sourceTree = BUILT_PRODUCTS_DIR;
		};
		78C398B91ACF4ADC00677621 /* libRCTLinking.a */ = {
			isa = PBXReferenceProxy;
			fileType = archive.ar;
			path = libRCTLinking.a;
			remoteRef = 78C398B81ACF4ADC00677621 /* PBXContainerItemProxy */;
			sourceTree = BUILT_PRODUCTS_DIR;
		};
		832341B51AAA6A8300B99B32 /* libRCTText.a */ = {
			isa = PBXReferenceProxy;
			fileType = archive.ar;
			path = libRCTText.a;
			remoteRef = 832341B41AAA6A8300B99B32 /* PBXContainerItemProxy */;
			sourceTree = BUILT_PRODUCTS_DIR;
		};
/* End PBXReferenceProxy section */

/* Begin PBXResourcesBuildPhase section */
		00E356EC1AD99517003FC87E /* Resources */ = {
			isa = PBXResourcesBuildPhase;
			buildActionMask = 2147483647;
			files = (
			);
			runOnlyForDeploymentPostprocessing = 0;
		};
		13B07F8E1A680F5B00A75B9A /* Resources */ = {
			isa = PBXResourcesBuildPhase;
			buildActionMask = 2147483647;
			files = (
				13B07FBF1A68108700A75B9A /* Images.xcassets in Resources */,
				13B07FBD1A68108700A75B9A /* LaunchScreen.xib in Resources */,
				45B6D73C86B74099B7B8F289 /* Entypo.ttf in Resources */,
				F4F9672D68964DEABA7A1B5A /* EvilIcons.ttf in Resources */,
				FB5BED26CAB34B3A85525918 /* FontAwesome.ttf in Resources */,
				A9A69C3F04F14334B9DD6237 /* Foundation.ttf in Resources */,
				48507818B98D4F57AC66DC18 /* Ionicons.ttf in Resources */,
				E6298AA5D6F24CE6BF8F285C /* MaterialCommunityIcons.ttf in Resources */,
				7E54E4EF73714E469088BD0E /* MaterialIcons.ttf in Resources */,
				FA057436A78B4185A664A87A /* Octicons.ttf in Resources */,
				5E84BEC5C83741C7B2E588E3 /* SimpleLineIcons.ttf in Resources */,
				CBB67CB6F9864C2990EEE507 /* Zocial.ttf in Resources */,
				766A3811EB804D378FF712B3 /* Andale Mono.ttf in Resources */,
				9241C645F1C145AC968C6D82 /* Arial Black.ttf in Resources */,
				92988DDC9D4C4F368B19B857 /* Arial.ttf in Resources */,
				3999C94242EF44CA9BC7A9DD /* Comic Sans MS.ttf in Resources */,
				F99C59634590466B87FCF177 /* Courier New.ttf in Resources */,
				52F3ABD7825C41029430B497 /* Entypo.ttf in Resources */,
				7B7E741CE4B147458C22EE94 /* EvilIcons.ttf in Resources */,
				B4E6060CDE854E198A45122B /* FontAwesome.ttf in Resources */,
				2972DE5366D14F78BB2EB3FA /* Foundation.ttf in Resources */,
				44400433FC2845D4BF5129B0 /* Georgia.ttf in Resources */,
				E31DA65352F845E2A328CE19 /* Ionicons.ttf in Resources */,
				41C486C7369E4A53A1D2B327 /* MaterialIcons.ttf in Resources */,
				921C4FD64B444C4F9CC6285C /* Microsoft Sans Serif.ttf in Resources */,
				B8B050EB03FA44F3B50C0FC6 /* Octicons.ttf in Resources */,
				433C171838544559959F2BD2 /* Roboto_medium.ttf in Resources */,
				4181FD6066834DCF8DA2287D /* Roboto.ttf in Resources */,
				6A4E411EC42543A584015E4F /* rubicon-icon-font.ttf in Resources */,
				6231210B24FD4A62A692C3B0 /* Rubik-Black.ttf in Resources */,
				04B7DC1A26EB44499260BF2B /* Rubik-BlackItalic.ttf in Resources */,
				FD651D7ACBD44DEEA4C36B4E /* Rubik-Bold.ttf in Resources */,
				CCFD252A42B8426E9D917EB5 /* Rubik-BoldItalic.ttf in Resources */,
				F5B77FF4A0874F69A8A596F5 /* Rubik-Italic.ttf in Resources */,
				188E52CA4B90478287D88A83 /* Rubik-Light.ttf in Resources */,
				CF89594A41A941AD96E761CB /* Rubik-LightItalic.ttf in Resources */,
				3DBEC065E652488E8042ABF0 /* Rubik-Medium.ttf in Resources */,
				DC3EB604EA564AA7B7718882 /* Rubik-MediumItalic.ttf in Resources */,
				D6B07EAA86EF4013BAE22B86 /* Rubik-Regular.ttf in Resources */,
				7F5BD85A9C2C4C3B8E123CF6 /* SanFrancisco.ttf in Resources */,
				B14953F038F543AD9860423A /* SanFranciscoBold.ttf in Resources */,
				E2EFA0C244EC442192A6AAD5 /* SanFranciscoThin.ttf in Resources */,
				1CB5A11DA36F49A0ABB602FE /* SF-UI-Text-Regular.otf in Resources */,
				CA8D419EE96F4BA593D2A4D7 /* SimpleLineIcons.ttf in Resources */,
				CD8F750AA848413396E7B310 /* Skia.ttf in Resources */,
				88A548EC52BD44858265CB14 /* Times New Roman.ttf in Resources */,
				15ACC599BCB6492FBA15220F /* Zocial.ttf in Resources */,
			);
			runOnlyForDeploymentPostprocessing = 0;
		};
		2D02E4791E0B4A5D006451C7 /* Resources */ = {
			isa = PBXResourcesBuildPhase;
			buildActionMask = 2147483647;
			files = (
				2D02E4BD1E0B4A84006451C7 /* Images.xcassets in Resources */,
			);
			runOnlyForDeploymentPostprocessing = 0;
		};
		2D02E48E1E0B4A5D006451C7 /* Resources */ = {
			isa = PBXResourcesBuildPhase;
			buildActionMask = 2147483647;
			files = (
			);
			runOnlyForDeploymentPostprocessing = 0;
		};
/* End PBXResourcesBuildPhase section */

/* Begin PBXShellScriptBuildPhase section */
		00DD1BFF1BD5951E006B06BC /* Bundle React Native code and images */ = {
			isa = PBXShellScriptBuildPhase;
			buildActionMask = 2147483647;
			files = (
			);
			inputPaths = (
			);
			name = "Bundle React Native code and images";
			outputPaths = (
			);
			runOnlyForDeploymentPostprocessing = 0;
			shellPath = /bin/sh;
			shellScript = "export NODE_BINARY=node\n../node_modules/react-native/packager/react-native-xcode.sh";
		};
		2D02E4CB1E0B4B27006451C7 /* Bundle React Native Code And Images */ = {
			isa = PBXShellScriptBuildPhase;
			buildActionMask = 2147483647;
			files = (
			);
			inputPaths = (
			);
			name = "Bundle React Native Code And Images";
			outputPaths = (
			);
			runOnlyForDeploymentPostprocessing = 0;
			shellPath = /bin/sh;
			shellScript = "export NODE_BINARY=node\n../node_modules/react-native/packager/react-native-xcode.sh";
		};
/* End PBXShellScriptBuildPhase section */

/* Begin PBXSourcesBuildPhase section */
		00E356EA1AD99517003FC87E /* Sources */ = {
			isa = PBXSourcesBuildPhase;
			buildActionMask = 2147483647;
			files = (
				00E356F31AD99517003FC87E /* FluxToDoListTests.m in Sources */,
			);
			runOnlyForDeploymentPostprocessing = 0;
		};
		13B07F871A680F5B00A75B9A /* Sources */ = {
			isa = PBXSourcesBuildPhase;
			buildActionMask = 2147483647;
			files = (
				13B07FBC1A68108700A75B9A /* AppDelegate.m in Sources */,
				13B07FC11A68108700A75B9A /* main.m in Sources */,
			);
			runOnlyForDeploymentPostprocessing = 0;
		};
		2D02E4771E0B4A5D006451C7 /* Sources */ = {
			isa = PBXSourcesBuildPhase;
			buildActionMask = 2147483647;
			files = (
				2D02E4BF1E0B4AB3006451C7 /* main.m in Sources */,
				2D02E4BC1E0B4A80006451C7 /* AppDelegate.m in Sources */,
			);
			runOnlyForDeploymentPostprocessing = 0;
		};
		2D02E48C1E0B4A5D006451C7 /* Sources */ = {
			isa = PBXSourcesBuildPhase;
			buildActionMask = 2147483647;
			files = (
				2DCD954D1E0B4F2C00145EB5 /* FluxToDoListTests.m in Sources */,
			);
			runOnlyForDeploymentPostprocessing = 0;
		};
/* End PBXSourcesBuildPhase section */

/* Begin PBXTargetDependency section */
		00E356F51AD99517003FC87E /* PBXTargetDependency */ = {
			isa = PBXTargetDependency;
			target = 13B07F861A680F5B00A75B9A /* FluxToDoList */;
			targetProxy = 00E356F41AD99517003FC87E /* PBXContainerItemProxy */;
		};
		2D02E4921E0B4A5D006451C7 /* PBXTargetDependency */ = {
			isa = PBXTargetDependency;
			target = 2D02E47A1E0B4A5D006451C7 /* FluxToDoList-tvOS */;
			targetProxy = 2D02E4911E0B4A5D006451C7 /* PBXContainerItemProxy */;
		};
/* End PBXTargetDependency section */

/* Begin PBXVariantGroup section */
		13B07FB11A68108700A75B9A /* LaunchScreen.xib */ = {
			isa = PBXVariantGroup;
			children = (
				13B07FB21A68108700A75B9A /* Base */,
			);
			name = LaunchScreen.xib;
			path = FluxToDoList;
			sourceTree = "<group>";
		};
/* End PBXVariantGroup section */

/* Begin XCBuildConfiguration section */
		00E356F61AD99517003FC87E /* Debug */ = {
			isa = XCBuildConfiguration;
			buildSettings = {
				BUNDLE_LOADER = "$(TEST_HOST)";
				DEVELOPMENT_TEAM = N8577L4CD2;
				GCC_PREPROCESSOR_DEFINITIONS = (
					"DEBUG=1",
					"$(inherited)",
				);
				HEADER_SEARCH_PATHS = (
					"$(inherited)",
					"$(SRCROOT)/../node_modules/realm/src/**",
					"$(SRCROOT)/../node_modules/react-native-vector-icons/RNVectorIconsManager",
					"$(SRCROOT)/../node_modules/react-native-image-picker/ios",
				);
				INFOPLIST_FILE = FluxToDoListTests/Info.plist;
				IPHONEOS_DEPLOYMENT_TARGET = 8.0;
				LD_RUNPATH_SEARCH_PATHS = "$(inherited) @executable_path/Frameworks @loader_path/Frameworks";
				LIBRARY_SEARCH_PATHS = (
					"$(inherited)",
					"\"$(SRCROOT)/$(TARGET_NAME)\"",
					"\"$(SRCROOT)/$(TARGET_NAME)\"",
					"\"$(SRCROOT)/$(TARGET_NAME)\"",
				);
				OTHER_LDFLAGS = (
					"-ObjC",
					"-lc++",
				);
				PRODUCT_BUNDLE_IDENTIFIER = react.native.example.FluxToDoList;
				PRODUCT_NAME = "$(TARGET_NAME)";
				TEST_HOST = "$(BUILT_PRODUCTS_DIR)/FluxToDoList.app/FluxToDoList";
			};
			name = Debug;
		};
		00E356F71AD99517003FC87E /* Release */ = {
			isa = XCBuildConfiguration;
			buildSettings = {
				BUNDLE_LOADER = "$(TEST_HOST)";
				COPY_PHASE_STRIP = NO;
				DEVELOPMENT_TEAM = N8577L4CD2;
				HEADER_SEARCH_PATHS = (
					"$(inherited)",
					"$(SRCROOT)/../node_modules/realm/src/**",
					"$(SRCROOT)/../node_modules/react-native-vector-icons/RNVectorIconsManager",
					"$(SRCROOT)/../node_modules/react-native-image-picker/ios",
				);
				INFOPLIST_FILE = FluxToDoListTests/Info.plist;
				IPHONEOS_DEPLOYMENT_TARGET = 8.0;
				LD_RUNPATH_SEARCH_PATHS = "$(inherited) @executable_path/Frameworks @loader_path/Frameworks";
				LIBRARY_SEARCH_PATHS = (
					"$(inherited)",
					"\"$(SRCROOT)/$(TARGET_NAME)\"",
					"\"$(SRCROOT)/$(TARGET_NAME)\"",
					"\"$(SRCROOT)/$(TARGET_NAME)\"",
				);
				OTHER_LDFLAGS = (
					"-ObjC",
					"-lc++",
				);
				PRODUCT_BUNDLE_IDENTIFIER = react.native.example.FluxToDoList;
				PRODUCT_NAME = "$(TARGET_NAME)";
				TEST_HOST = "$(BUILT_PRODUCTS_DIR)/FluxToDoList.app/FluxToDoList";
			};
			name = Release;
		};
		13B07F941A680F5B00A75B9A /* Debug */ = {
			isa = XCBuildConfiguration;
			buildSettings = {
				ASSETCATALOG_COMPILER_APPICON_NAME = AppIcon;
				CURRENT_PROJECT_VERSION = 1;
				DEAD_CODE_STRIPPING = NO;
				DEVELOPMENT_TEAM = N8577L4CD2;
				HEADER_SEARCH_PATHS = (
					"$(inherited)",
					"$(SRCROOT)/../node_modules/realm/src/**",
					"$(SRCROOT)/../node_modules/react-native-vector-icons/RNVectorIconsManager",
					"$(SRCROOT)/../node_modules/react-native-image-picker/ios",
				);
				INFOPLIST_FILE = FluxToDoList/Info.plist;
				LD_RUNPATH_SEARCH_PATHS = "$(inherited) @executable_path/Frameworks";
				OTHER_LDFLAGS = (
					"$(inherited)",
					"-ObjC",
					"-lc++",
				);
				PRODUCT_BUNDLE_IDENTIFIER = native.example.FluxToDoList;
				PRODUCT_NAME = FluxToDoList;
				VERSIONING_SYSTEM = "apple-generic";
			};
			name = Debug;
		};
		13B07F951A680F5B00A75B9A /* Release */ = {
			isa = XCBuildConfiguration;
			buildSettings = {
				ASSETCATALOG_COMPILER_APPICON_NAME = AppIcon;
				CURRENT_PROJECT_VERSION = 1;
				DEVELOPMENT_TEAM = N8577L4CD2;
				HEADER_SEARCH_PATHS = (
					"$(inherited)",
					"$(SRCROOT)/../node_modules/realm/src/**",
					"$(SRCROOT)/../node_modules/react-native-vector-icons/RNVectorIconsManager",
					"$(SRCROOT)/../node_modules/react-native-image-picker/ios",
				);
				INFOPLIST_FILE = FluxToDoList/Info.plist;
				LD_RUNPATH_SEARCH_PATHS = "$(inherited) @executable_path/Frameworks";
				OTHER_LDFLAGS = (
					"$(inherited)",
					"-ObjC",
					"-lc++",
				);
				PRODUCT_BUNDLE_IDENTIFIER = native.example.FluxToDoList;
				PRODUCT_NAME = FluxToDoList;
				VERSIONING_SYSTEM = "apple-generic";
			};
			name = Release;
		};
		2D02E4971E0B4A5E006451C7 /* Debug */ = {
			isa = XCBuildConfiguration;
			buildSettings = {
				ASSETCATALOG_COMPILER_APPICON_NAME = "App Icon & Top Shelf Image";
				ASSETCATALOG_COMPILER_LAUNCHIMAGE_NAME = LaunchImage;
				CLANG_ANALYZER_NONNULL = YES;
				CLANG_WARN_DOCUMENTATION_COMMENTS = YES;
				CLANG_WARN_INFINITE_RECURSION = YES;
				CLANG_WARN_SUSPICIOUS_MOVE = YES;
				DEBUG_INFORMATION_FORMAT = dwarf;
				ENABLE_TESTABILITY = YES;
				GCC_NO_COMMON_BLOCKS = YES;
				HEADER_SEARCH_PATHS = (
					"$(inherited)",
					"$(SRCROOT)/../node_modules/realm/src/**",
					"$(SRCROOT)/../node_modules/react-native-vector-icons/RNVectorIconsManager",
					"$(SRCROOT)/../node_modules/react-native-image-picker/ios",
				);
				INFOPLIST_FILE = "FluxToDoList-tvOS/Info.plist";
				LD_RUNPATH_SEARCH_PATHS = "$(inherited) @executable_path/Frameworks";
				LIBRARY_SEARCH_PATHS = (
					"$(inherited)",
					"\"$(SRCROOT)/$(TARGET_NAME)\"",
					"\"$(SRCROOT)/$(TARGET_NAME)\"",
					"\"$(SRCROOT)/$(TARGET_NAME)\"",
				);
				OTHER_LDFLAGS = (
					"-ObjC",
					"-lc++",
				);
				PRODUCT_BUNDLE_IDENTIFIER = "com.facebook.REACT.FluxToDoList-tvOS";
				PRODUCT_NAME = "$(TARGET_NAME)";
				SDKROOT = appletvos;
				TARGETED_DEVICE_FAMILY = 3;
				TVOS_DEPLOYMENT_TARGET = 9.2;
			};
			name = Debug;
		};
		2D02E4981E0B4A5E006451C7 /* Release */ = {
			isa = XCBuildConfiguration;
			buildSettings = {
				ASSETCATALOG_COMPILER_APPICON_NAME = "App Icon & Top Shelf Image";
				ASSETCATALOG_COMPILER_LAUNCHIMAGE_NAME = LaunchImage;
				CLANG_ANALYZER_NONNULL = YES;
				CLANG_WARN_DOCUMENTATION_COMMENTS = YES;
				CLANG_WARN_INFINITE_RECURSION = YES;
				CLANG_WARN_SUSPICIOUS_MOVE = YES;
				COPY_PHASE_STRIP = NO;
				DEBUG_INFORMATION_FORMAT = "dwarf-with-dsym";
				GCC_NO_COMMON_BLOCKS = YES;
				HEADER_SEARCH_PATHS = (
					"$(inherited)",
					"$(SRCROOT)/../node_modules/realm/src/**",
					"$(SRCROOT)/../node_modules/react-native-vector-icons/RNVectorIconsManager",
					"$(SRCROOT)/../node_modules/react-native-image-picker/ios",
				);
				INFOPLIST_FILE = "FluxToDoList-tvOS/Info.plist";
				LD_RUNPATH_SEARCH_PATHS = "$(inherited) @executable_path/Frameworks";
				LIBRARY_SEARCH_PATHS = (
					"$(inherited)",
					"\"$(SRCROOT)/$(TARGET_NAME)\"",
					"\"$(SRCROOT)/$(TARGET_NAME)\"",
					"\"$(SRCROOT)/$(TARGET_NAME)\"",
				);
				OTHER_LDFLAGS = (
					"-ObjC",
					"-lc++",
				);
				PRODUCT_BUNDLE_IDENTIFIER = "com.facebook.REACT.FluxToDoList-tvOS";
				PRODUCT_NAME = "$(TARGET_NAME)";
				SDKROOT = appletvos;
				TARGETED_DEVICE_FAMILY = 3;
				TVOS_DEPLOYMENT_TARGET = 9.2;
			};
			name = Release;
		};
		2D02E4991E0B4A5E006451C7 /* Debug */ = {
			isa = XCBuildConfiguration;
			buildSettings = {
				BUNDLE_LOADER = "$(TEST_HOST)";
				CLANG_ANALYZER_NONNULL = YES;
				CLANG_WARN_DOCUMENTATION_COMMENTS = YES;
				CLANG_WARN_INFINITE_RECURSION = YES;
				CLANG_WARN_SUSPICIOUS_MOVE = YES;
				DEBUG_INFORMATION_FORMAT = dwarf;
				ENABLE_TESTABILITY = YES;
				GCC_NO_COMMON_BLOCKS = YES;
				INFOPLIST_FILE = "FluxToDoList-tvOSTests/Info.plist";
				LD_RUNPATH_SEARCH_PATHS = "$(inherited) @executable_path/Frameworks @loader_path/Frameworks";
				LIBRARY_SEARCH_PATHS = (
					"$(inherited)",
					"\"$(SRCROOT)/$(TARGET_NAME)\"",
					"\"$(SRCROOT)/$(TARGET_NAME)\"",
					"\"$(SRCROOT)/$(TARGET_NAME)\"",
				);
				PRODUCT_BUNDLE_IDENTIFIER = "com.facebook.REACT.FluxToDoList-tvOSTests";
				PRODUCT_NAME = "$(TARGET_NAME)";
				SDKROOT = appletvos;
				TEST_HOST = "$(BUILT_PRODUCTS_DIR)/FluxToDoList-tvOS.app/FluxToDoList-tvOS";
				TVOS_DEPLOYMENT_TARGET = 10.1;
			};
			name = Debug;
		};
		2D02E49A1E0B4A5E006451C7 /* Release */ = {
			isa = XCBuildConfiguration;
			buildSettings = {
				BUNDLE_LOADER = "$(TEST_HOST)";
				CLANG_ANALYZER_NONNULL = YES;
				CLANG_WARN_DOCUMENTATION_COMMENTS = YES;
				CLANG_WARN_INFINITE_RECURSION = YES;
				CLANG_WARN_SUSPICIOUS_MOVE = YES;
				COPY_PHASE_STRIP = NO;
				DEBUG_INFORMATION_FORMAT = "dwarf-with-dsym";
				GCC_NO_COMMON_BLOCKS = YES;
				INFOPLIST_FILE = "FluxToDoList-tvOSTests/Info.plist";
				LD_RUNPATH_SEARCH_PATHS = "$(inherited) @executable_path/Frameworks @loader_path/Frameworks";
				LIBRARY_SEARCH_PATHS = (
					"$(inherited)",
					"\"$(SRCROOT)/$(TARGET_NAME)\"",
					"\"$(SRCROOT)/$(TARGET_NAME)\"",
					"\"$(SRCROOT)/$(TARGET_NAME)\"",
				);
				PRODUCT_BUNDLE_IDENTIFIER = "com.facebook.REACT.FluxToDoList-tvOSTests";
				PRODUCT_NAME = "$(TARGET_NAME)";
				SDKROOT = appletvos;
				TEST_HOST = "$(BUILT_PRODUCTS_DIR)/FluxToDoList-tvOS.app/FluxToDoList-tvOS";
				TVOS_DEPLOYMENT_TARGET = 10.1;
			};
			name = Release;
		};
		83CBBA201A601CBA00E9B192 /* Debug */ = {
			isa = XCBuildConfiguration;
			buildSettings = {
				ALWAYS_SEARCH_USER_PATHS = NO;
				CLANG_CXX_LANGUAGE_STANDARD = "gnu++0x";
				CLANG_CXX_LIBRARY = "libc++";
				CLANG_ENABLE_MODULES = YES;
				CLANG_ENABLE_OBJC_ARC = YES;
				CLANG_WARN_BOOL_CONVERSION = YES;
				CLANG_WARN_CONSTANT_CONVERSION = YES;
				CLANG_WARN_DIRECT_OBJC_ISA_USAGE = YES_ERROR;
				CLANG_WARN_EMPTY_BODY = YES;
				CLANG_WARN_ENUM_CONVERSION = YES;
				CLANG_WARN_INT_CONVERSION = YES;
				CLANG_WARN_OBJC_ROOT_CLASS = YES_ERROR;
				CLANG_WARN_UNREACHABLE_CODE = YES;
				CLANG_WARN__DUPLICATE_METHOD_MATCH = YES;
				"CODE_SIGN_IDENTITY[sdk=iphoneos*]" = "iPhone Developer";
				COPY_PHASE_STRIP = NO;
				ENABLE_STRICT_OBJC_MSGSEND = YES;
				GCC_C_LANGUAGE_STANDARD = gnu99;
				GCC_DYNAMIC_NO_PIC = NO;
				GCC_OPTIMIZATION_LEVEL = 0;
				GCC_PREPROCESSOR_DEFINITIONS = (
					"DEBUG=1",
					"$(inherited)",
				);
				GCC_SYMBOLS_PRIVATE_EXTERN = NO;
				GCC_WARN_64_TO_32_BIT_CONVERSION = YES;
				GCC_WARN_ABOUT_RETURN_TYPE = YES_ERROR;
				GCC_WARN_UNDECLARED_SELECTOR = YES;
				GCC_WARN_UNINITIALIZED_AUTOS = YES_AGGRESSIVE;
				GCC_WARN_UNUSED_FUNCTION = YES;
				GCC_WARN_UNUSED_VARIABLE = YES;
				IPHONEOS_DEPLOYMENT_TARGET = 8.0;
				MTL_ENABLE_DEBUG_INFO = YES;
				ONLY_ACTIVE_ARCH = YES;
				SDKROOT = iphoneos;
			};
			name = Debug;
		};
		83CBBA211A601CBA00E9B192 /* Release */ = {
			isa = XCBuildConfiguration;
			buildSettings = {
				ALWAYS_SEARCH_USER_PATHS = NO;
				CLANG_CXX_LANGUAGE_STANDARD = "gnu++0x";
				CLANG_CXX_LIBRARY = "libc++";
				CLANG_ENABLE_MODULES = YES;
				CLANG_ENABLE_OBJC_ARC = YES;
				CLANG_WARN_BOOL_CONVERSION = YES;
				CLANG_WARN_CONSTANT_CONVERSION = YES;
				CLANG_WARN_DIRECT_OBJC_ISA_USAGE = YES_ERROR;
				CLANG_WARN_EMPTY_BODY = YES;
				CLANG_WARN_ENUM_CONVERSION = YES;
				CLANG_WARN_INT_CONVERSION = YES;
				CLANG_WARN_OBJC_ROOT_CLASS = YES_ERROR;
				CLANG_WARN_UNREACHABLE_CODE = YES;
				CLANG_WARN__DUPLICATE_METHOD_MATCH = YES;
				"CODE_SIGN_IDENTITY[sdk=iphoneos*]" = "iPhone Developer";
				COPY_PHASE_STRIP = YES;
				ENABLE_NS_ASSERTIONS = NO;
				ENABLE_STRICT_OBJC_MSGSEND = YES;
				GCC_C_LANGUAGE_STANDARD = gnu99;
				GCC_WARN_64_TO_32_BIT_CONVERSION = YES;
				GCC_WARN_ABOUT_RETURN_TYPE = YES_ERROR;
				GCC_WARN_UNDECLARED_SELECTOR = YES;
				GCC_WARN_UNINITIALIZED_AUTOS = YES_AGGRESSIVE;
				GCC_WARN_UNUSED_FUNCTION = YES;
				GCC_WARN_UNUSED_VARIABLE = YES;
				IPHONEOS_DEPLOYMENT_TARGET = 8.0;
				MTL_ENABLE_DEBUG_INFO = NO;
				SDKROOT = iphoneos;
				VALIDATE_PRODUCT = YES;
			};
			name = Release;
		};
/* End XCBuildConfiguration section */

/* Begin XCConfigurationList section */
		00E357021AD99517003FC87E /* Build configuration list for PBXNativeTarget "FluxToDoListTests" */ = {
			isa = XCConfigurationList;
			buildConfigurations = (
				00E356F61AD99517003FC87E /* Debug */,
				00E356F71AD99517003FC87E /* Release */,
			);
			defaultConfigurationIsVisible = 0;
			defaultConfigurationName = Release;
		};
		13B07F931A680F5B00A75B9A /* Build configuration list for PBXNativeTarget "FluxToDoList" */ = {
			isa = XCConfigurationList;
			buildConfigurations = (
				13B07F941A680F5B00A75B9A /* Debug */,
				13B07F951A680F5B00A75B9A /* Release */,
			);
			defaultConfigurationIsVisible = 0;
			defaultConfigurationName = Release;
		};
		2D02E4BA1E0B4A5E006451C7 /* Build configuration list for PBXNativeTarget "FluxToDoList-tvOS" */ = {
			isa = XCConfigurationList;
			buildConfigurations = (
				2D02E4971E0B4A5E006451C7 /* Debug */,
				2D02E4981E0B4A5E006451C7 /* Release */,
			);
			defaultConfigurationIsVisible = 0;
			defaultConfigurationName = Release;
		};
		2D02E4BB1E0B4A5E006451C7 /* Build configuration list for PBXNativeTarget "FluxToDoList-tvOSTests" */ = {
			isa = XCConfigurationList;
			buildConfigurations = (
				2D02E4991E0B4A5E006451C7 /* Debug */,
				2D02E49A1E0B4A5E006451C7 /* Release */,
			);
			defaultConfigurationIsVisible = 0;
			defaultConfigurationName = Release;
		};
		83CBB9FA1A601CBA00E9B192 /* Build configuration list for PBXProject "FluxToDoList" */ = {
			isa = XCConfigurationList;
			buildConfigurations = (
				83CBBA201A601CBA00E9B192 /* Debug */,
				83CBBA211A601CBA00E9B192 /* Release */,
			);
			defaultConfigurationIsVisible = 0;
			defaultConfigurationName = Release;
		};
/* End XCConfigurationList section */
	};
	rootObject = 83CBB9F71A601CBA00E9B192 /* Project object */;
}
